// !$*UTF8*$!
{
	archiveVersion = 1;
	classes = {
	};
	objectVersion = 77;
	objects = {

/* Begin PBXBuildFile section */
		9727D9432DCDCDA300F6F15D /* FirebaseAuth in Frameworks */ = {isa = PBXBuildFile; productRef = 9727D9422DCDCDA300F6F15D /* FirebaseAuth */; };
		9727D9452DCDCDA300F6F15D /* FirebaseCore in Frameworks */ = {isa = PBXBuildFile; productRef = 9727D9442DCDCDA300F6F15D /* FirebaseCore */; };
		9727D9472DCDCDA300F6F15D /* FirebaseFirestore in Frameworks */ = {isa = PBXBuildFile; productRef = 9727D9462DCDCDA300F6F15D /* FirebaseFirestore */; };
		9727D9492DCDCDA300F6F15D /* FirebaseStorage in Frameworks */ = {isa = PBXBuildFile; productRef = 9727D9482DCDCDA300F6F15D /* FirebaseStorage */; };
		9727D94B2DCDCDA300F6F15D /* FirebaseStorageCombine-Community in Frameworks */ = {isa = PBXBuildFile; productRef = 9727D94A2DCDCDA300F6F15D /* FirebaseStorageCombine-Community */; };
		FD09D7C32DC765890047B141 /* UserDetailView.swift in Sources */ = {isa = PBXBuildFile; fileRef = FD09D7C22DC765890047B141 /* UserDetailView.swift */; };
		FD09D7C52DC76DBC0047B141 /* MatchKanBan.swift in Sources */ = {isa = PBXBuildFile; fileRef = FD09D7C42DC76DBC0047B141 /* MatchKanBan.swift */; };
		FD09D7C72DC779EE0047B141 /* IceBreakingSummaryView.swift in Sources */ = {isa = PBXBuildFile; fileRef = FD09D7C62DC779EE0047B141 /* IceBreakingSummaryView.swift */; };
		FD09D7C92DC7903B0047B141 /* ProfileNameCard.swift in Sources */ = {isa = PBXBuildFile; fileRef = FD09D7C82DC7903B0047B141 /* ProfileNameCard.swift */; };
		FD09D7CB2DC7A4B00047B141 /* SkillExchangeView.swift in Sources */ = {isa = PBXBuildFile; fileRef = FD09D7CA2DC7A4B00047B141 /* SkillExchangeView.swift */; };
		FD228E662DD3592A00856ECD /* InsightPageView.swift in Sources */ = {isa = PBXBuildFile; fileRef = FD228E652DD3592A00856ECD /* InsightPageView.swift */; };
		FD228ED22DD42BC100856ECD /* GenerationConfig.swift in Sources */ = {isa = PBXBuildFile; fileRef = FD228ED12DD42BC100856ECD /* GenerationConfig.swift */; };
		FD228ED42DD42BDB00856ECD /* GenimiViewModel.swift in Sources */ = {isa = PBXBuildFile; fileRef = FD228ED32DD42BDB00856ECD /* GenimiViewModel.swift */; };
		FD228ED62DD42C0F00856ECD /* MessageModel.swift in Sources */ = {isa = PBXBuildFile; fileRef = FD228ED52DD42C0F00856ECD /* MessageModel.swift */; };
		FD228ED82DD4312B00856ECD /* ChatBotView.swift in Sources */ = {isa = PBXBuildFile; fileRef = FD228ED72DD4312B00856ECD /* ChatBotView.swift */; };
		FD228F072DD716A900856ECD /* ChatDemoView.swift in Sources */ = {isa = PBXBuildFile; fileRef = FD228F062DD716A900856ECD /* ChatDemoView.swift */; };
		FD228F0F2DD8783800856ECD /* demo.swift in Sources */ = {isa = PBXBuildFile; fileRef = FD228F0E2DD8783800856ECD /* demo.swift */; };
		FD2977692DAE8DB600FCCF50 /* GoogleService-Info.plist in Resources */ = {isa = PBXBuildFile; fileRef = FD2977682DAE8DB600FCCF50 /* GoogleService-Info.plist */; };
		FD9036BC2DBA6A5400ECC559 /* Question.swift in Sources */ = {isa = PBXBuildFile; fileRef = FD9036742DBA6A5400ECC559 /* Question.swift */; };
		FD9036BD2DBA6A5400ECC559 /* Users.swift in Sources */ = {isa = PBXBuildFile; fileRef = FD9036752DBA6A5400ECC559 /* Users.swift */; };
		FD9036BE2DBA6A5400ECC559 /* GreatAnswerView.swift in Sources */ = {isa = PBXBuildFile; fileRef = FD9036772DBA6A5400ECC559 /* GreatAnswerView.swift */; };
		FD9036BF2DBA6A5400ECC559 /* GreatAnswerView2.swift in Sources */ = {isa = PBXBuildFile; fileRef = FD9036782DBA6A5400ECC559 /* GreatAnswerView2.swift */; };
		FD9036C02DBA6A5400ECC559 /* GreatAnswerView3.swift in Sources */ = {isa = PBXBuildFile; fileRef = FD9036792DBA6A5400ECC559 /* GreatAnswerView3.swift */; };
		FD9036C12DBA6A5400ECC559 /* SumView1.swift in Sources */ = {isa = PBXBuildFile; fileRef = FD90367A2DBA6A5400ECC559 /* SumView1.swift */; };
		FD9036C22DBA6A5400ECC559 /* SumView2.swift in Sources */ = {isa = PBXBuildFile; fileRef = FD90367B2DBA6A5400ECC559 /* SumView2.swift */; };
		FD9036C32DBA6A5400ECC559 /* SumView3.swift in Sources */ = {isa = PBXBuildFile; fileRef = FD90367C2DBA6A5400ECC559 /* SumView3.swift */; };
		FD9036C42DBA6A5400ECC559 /* WellDoneView.swift in Sources */ = {isa = PBXBuildFile; fileRef = FD90367D2DBA6A5400ECC559 /* WellDoneView.swift */; };
		FD9036C52DBA6A5400ECC559 /* AppEggView.swift in Sources */ = {isa = PBXBuildFile; fileRef = FD90367F2DBA6A5400ECC559 /* AppEggView.swift */; };
		FD9036C62DBA6A5400ECC559 /* AppLoadingPage.swift in Sources */ = {isa = PBXBuildFile; fileRef = FD9036802DBA6A5400ECC559 /* AppLoadingPage.swift */; };
		FD9036C72DBA6A5400ECC559 /* CheckboxToggleStyle.swift in Sources */ = {isa = PBXBuildFile; fileRef = FD9036812DBA6A5400ECC559 /* CheckboxToggleStyle.swift */; };
		FD9036C82DBA6A5400ECC559 /* CustomTabBar.swift in Sources */ = {isa = PBXBuildFile; fileRef = FD9036822DBA6A5400ECC559 /* CustomTabBar.swift */; };
		FD9036C92DBA6A5400ECC559 /* MentorBotHead.swift in Sources */ = {isa = PBXBuildFile; fileRef = FD9036832DBA6A5400ECC559 /* MentorBotHead.swift */; };
		FD9036CA2DBA6A5400ECC559 /* ProgressBar.swift in Sources */ = {isa = PBXBuildFile; fileRef = FD9036842DBA6A5400ECC559 /* ProgressBar.swift */; };
		FD9036CB2DBA6A5400ECC559 /* ProgressStep.swift in Sources */ = {isa = PBXBuildFile; fileRef = FD9036852DBA6A5400ECC559 /* ProgressStep.swift */; };
		FD9036CC2DBA6A5400ECC559 /* QuestionView1.swift in Sources */ = {isa = PBXBuildFile; fileRef = FD9036872DBA6A5400ECC559 /* QuestionView1.swift */; };
		FD9036CD2DBA6A5400ECC559 /* QuestionView2.swift in Sources */ = {isa = PBXBuildFile; fileRef = FD9036882DBA6A5400ECC559 /* QuestionView2.swift */; };
		FD9036CE2DBA6A5400ECC559 /* QuestionView3.swift in Sources */ = {isa = PBXBuildFile; fileRef = FD9036892DBA6A5400ECC559 /* QuestionView3.swift */; };
		FD9036CF2DBA6A5400ECC559 /* MatchRowView.swift in Sources */ = {isa = PBXBuildFile; fileRef = FD90368B2DBA6A5400ECC559 /* MatchRowView.swift */; };
		FD9036D12DBA6A5400ECC559 /* MatchView.swift in Sources */ = {isa = PBXBuildFile; fileRef = FD90368E2DBA6A5400ECC559 /* MatchView.swift */; };
		FD9036D22DBA6A5400ECC559 /* ChatView.swift in Sources */ = {isa = PBXBuildFile; fileRef = FD90368F2DBA6A5400ECC559 /* ChatView.swift */; };
		FD9036D32DBA6A5400ECC559 /* ProfileView.swift in Sources */ = {isa = PBXBuildFile; fileRef = FD9036902DBA6A5400ECC559 /* ProfileView.swift */; };
		FD9036D42DBA6A5400ECC559 /* QuestionsRowView.swift in Sources */ = {isa = PBXBuildFile; fileRef = FD9036922DBA6A5400ECC559 /* QuestionsRowView.swift */; };
		FD9036D52DBA6A5400ECC559 /* SumQuestionView.swift in Sources */ = {isa = PBXBuildFile; fileRef = FD9036932DBA6A5400ECC559 /* SumQuestionView.swift */; };
		FD9036D62DBA6A5400ECC559 /* UserListView.swift in Sources */ = {isa = PBXBuildFile; fileRef = FD9036942DBA6A5400ECC559 /* UserListView.swift */; };
		FD9036D72DBA6A5400ECC559 /* UserRowView.swift in Sources */ = {isa = PBXBuildFile; fileRef = FD9036952DBA6A5400ECC559 /* UserRowView.swift */; };
		FD9036D82DBA6A5400ECC559 /* NameView.swift in Sources */ = {isa = PBXBuildFile; fileRef = FD9036972DBA6A5400ECC559 /* NameView.swift */; };
		FD9036D92DBA6A5400ECC559 /* PlayView.swift in Sources */ = {isa = PBXBuildFile; fileRef = FD9036982DBA6A5400ECC559 /* PlayView.swift */; };
		FD9036DA2DBA6A5400ECC559 /* QuestionViewModel.swift in Sources */ = {isa = PBXBuildFile; fileRef = FD90369A2DBA6A5400ECC559 /* QuestionViewModel.swift */; };
		FD9036DB2DBA6A5400ECC559 /* UsersViewModel.swift in Sources */ = {isa = PBXBuildFile; fileRef = FD90369B2DBA6A5400ECC559 /* UsersViewModel.swift */; };
		FD9036DC2DBA6A5400ECC559 /* Publishers_KeyboardHeigh.swift in Sources */ = {isa = PBXBuildFile; fileRef = FD90369E2DBA6A5400ECC559 /* Publishers_KeyboardHeigh.swift */; };
		FD9036DD2DBA6A5400ECC559 /* Utilities.swift in Sources */ = {isa = PBXBuildFile; fileRef = FD9036AB2DBA6A5400ECC559 /* Utilities.swift */; };
		FD9036DE2DBA6A5400ECC559 /* IceMeltingApp.swift in Sources */ = {isa = PBXBuildFile; fileRef = FD9036AE2DBA6A5400ECC559 /* IceMeltingApp.swift */; };
		FD9036DF2DBA6A5400ECC559 /* K2D-Bold.ttf in Resources */ = {isa = PBXBuildFile; fileRef = FD9036A02DBA6A5400ECC559 /* K2D-Bold.ttf */; };
		FD9036E02DBA6A5400ECC559 /* K2D-Light.ttf in Resources */ = {isa = PBXBuildFile; fileRef = FD9036A12DBA6A5400ECC559 /* K2D-Light.ttf */; };
		FD9036E12DBA6A5400ECC559 /* K2D-Regular.ttf in Resources */ = {isa = PBXBuildFile; fileRef = FD9036A22DBA6A5400ECC559 /* K2D-Regular.ttf */; };
		FD9036E22DBA6A5400ECC559 /* K2D-SemiBold.ttf in Resources */ = {isa = PBXBuildFile; fileRef = FD9036A32DBA6A5400ECC559 /* K2D-SemiBold.ttf */; };
		FD9036E32DBA6A5400ECC559 /* Nunito-Bold.ttf in Resources */ = {isa = PBXBuildFile; fileRef = FD9036A42DBA6A5400ECC559 /* Nunito-Bold.ttf */; };
		FD9036E42DBA6A5400ECC559 /* Nunito-Regular.ttf in Resources */ = {isa = PBXBuildFile; fileRef = FD9036A52DBA6A5400ECC559 /* Nunito-Regular.ttf */; };
		FD9036E52DBA6A5400ECC559 /* Nunito-SemiBold.ttf in Resources */ = {isa = PBXBuildFile; fileRef = FD9036A62DBA6A5400ECC559 /* Nunito-SemiBold.ttf */; };
		FD9036E62DBA6A5400ECC559 /* Preview Assets.xcassets in Resources */ = {isa = PBXBuildFile; fileRef = FD9036A92DBA6A5400ECC559 /* Preview Assets.xcassets */; };
		FD9036E72DBA6A5400ECC559 /* Assets.xcassets in Resources */ = {isa = PBXBuildFile; fileRef = FD9036AD2DBA6A5400ECC559 /* Assets.xcassets */; };
		FD9036EA2DBA6DCE00ECC559 /* ChatViewModel.swift in Sources */ = {isa = PBXBuildFile; fileRef = FD9036E92DBA6DCE00ECC559 /* ChatViewModel.swift */; };
		FD9036EC2DBA6E0A00ECC559 /* Contact.swift in Sources */ = {isa = PBXBuildFile; fileRef = FD9036EB2DBA6E0A00ECC559 /* Contact.swift */; };
		FD9036EF2DBA6E5D00ECC559 /* ContactRowView.swift in Sources */ = {isa = PBXBuildFile; fileRef = FD9036EE2DBA6E5D00ECC559 /* ContactRowView.swift */; };
		FD9036F12DBA6F2500ECC559 /* ChatDetailView.swift in Sources */ = {isa = PBXBuildFile; fileRef = FD9036F02DBA6F2500ECC559 /* ChatDetailView.swift */; };
		FD9036F32DBA702E00ECC559 /* Message.swift in Sources */ = {isa = PBXBuildFile; fileRef = FD9036F22DBA702E00ECC559 /* Message.swift */; };
		FD9036F52DBA705000ECC559 /* ChatDetailViewModel.swift in Sources */ = {isa = PBXBuildFile; fileRef = FD9036F42DBA705000ECC559 /* ChatDetailViewModel.swift */; };
		FD90377C2DBB4A3800ECC559 /* SessionStore.swift in Sources */ = {isa = PBXBuildFile; fileRef = FD90377B2DBB4A3800ECC559 /* SessionStore.swift */; };
		FD90377E2DBB4F7200ECC559 /* AuthViewModel.swift in Sources */ = {isa = PBXBuildFile; fileRef = FD90377D2DBB4F7200ECC559 /* AuthViewModel.swift */; };
		FD9037842DBB4F9D00ECC559 /* GoogleSignInButton.swift in Sources */ = {isa = PBXBuildFile; fileRef = FD9037802DBB4F9D00ECC559 /* GoogleSignInButton.swift */; };
		FD9037852DBB4F9D00ECC559 /* RegistrationView.swift in Sources */ = {isa = PBXBuildFile; fileRef = FD9037812DBB4F9D00ECC559 /* RegistrationView.swift */; };
		FD9037872DBB4F9D00ECC559 /* RootView.swift in Sources */ = {isa = PBXBuildFile; fileRef = FD9037822DBB4F9D00ECC559 /* RootView.swift */; };
		FD9037882DBB4F9D00ECC559 /* AuthenticationView.swift in Sources */ = {isa = PBXBuildFile; fileRef = FD90377F2DBB4F9D00ECC559 /* AuthenticationView.swift */; };
		FD90378A2DBB64F600ECC559 /* SignInEmailView.swift in Sources */ = {isa = PBXBuildFile; fileRef = FD9037892DBB64F600ECC559 /* SignInEmailView.swift */; };
		FDA652F92DA8F8B6004384D3 /* .gitignore in Resources */ = {isa = PBXBuildFile; fileRef = FDA652F82DA8F8B6004384D3 /* .gitignore */; };
		FDDD7ABE2DAD4E660040A415 /* GoogleSignInSwift in Frameworks */ = {isa = PBXBuildFile; productRef = FDDD7ABD2DAD4E660040A415 /* GoogleSignInSwift */; };
		FDDD7AC82DAD55790040A415 /* GoogleSignIn in Frameworks */ = {isa = PBXBuildFile; productRef = FDDD7AC72DAD55790040A415 /* GoogleSignIn */; };
/* End PBXBuildFile section */

/* Begin PBXContainerItemProxy section */
		FD9C746D2D964A690057B77C /* PBXContainerItemProxy */ = {
			isa = PBXContainerItemProxy;
			containerPortal = FD9C74542D964A670057B77C /* Project object */;
			proxyType = 1;
			remoteGlobalIDString = FD9C745B2D964A670057B77C;
			remoteInfo = IceMelting;
		};
		FD9C74772D964A690057B77C /* PBXContainerItemProxy */ = {
			isa = PBXContainerItemProxy;
			containerPortal = FD9C74542D964A670057B77C /* Project object */;
			proxyType = 1;
			remoteGlobalIDString = FD9C745B2D964A670057B77C;
			remoteInfo = IceMelting;
		};
/* End PBXContainerItemProxy section */

/* Begin PBXFileReference section */
		FD09D7C22DC765890047B141 /* UserDetailView.swift */ = {isa = PBXFileReference; lastKnownFileType = sourcecode.swift; path = UserDetailView.swift; sourceTree = "<group>"; };
		FD09D7C42DC76DBC0047B141 /* MatchKanBan.swift */ = {isa = PBXFileReference; lastKnownFileType = sourcecode.swift; path = MatchKanBan.swift; sourceTree = "<group>"; };
		FD09D7C62DC779EE0047B141 /* IceBreakingSummaryView.swift */ = {isa = PBXFileReference; lastKnownFileType = sourcecode.swift; path = IceBreakingSummaryView.swift; sourceTree = "<group>"; };
		FD09D7C82DC7903B0047B141 /* ProfileNameCard.swift */ = {isa = PBXFileReference; lastKnownFileType = sourcecode.swift; path = ProfileNameCard.swift; sourceTree = "<group>"; };
		FD09D7CA2DC7A4B00047B141 /* SkillExchangeView.swift */ = {isa = PBXFileReference; lastKnownFileType = sourcecode.swift; path = SkillExchangeView.swift; sourceTree = "<group>"; };
		FD228E652DD3592A00856ECD /* InsightPageView.swift */ = {isa = PBXFileReference; lastKnownFileType = sourcecode.swift; path = InsightPageView.swift; sourceTree = "<group>"; };
		FD228ED12DD42BC100856ECD /* GenerationConfig.swift */ = {isa = PBXFileReference; lastKnownFileType = sourcecode.swift; path = GenerationConfig.swift; sourceTree = "<group>"; };
		FD228ED32DD42BDB00856ECD /* GenimiViewModel.swift */ = {isa = PBXFileReference; lastKnownFileType = sourcecode.swift; path = GenimiViewModel.swift; sourceTree = "<group>"; };
		FD228ED52DD42C0F00856ECD /* MessageModel.swift */ = {isa = PBXFileReference; lastKnownFileType = sourcecode.swift; path = MessageModel.swift; sourceTree = "<group>"; };
		FD228ED72DD4312B00856ECD /* ChatBotView.swift */ = {isa = PBXFileReference; lastKnownFileType = sourcecode.swift; path = ChatBotView.swift; sourceTree = "<group>"; };
		FD228F062DD716A900856ECD /* ChatDemoView.swift */ = {isa = PBXFileReference; lastKnownFileType = sourcecode.swift; path = ChatDemoView.swift; sourceTree = "<group>"; };
		FD228F0E2DD8783800856ECD /* demo.swift */ = {isa = PBXFileReference; lastKnownFileType = sourcecode.swift; path = demo.swift; sourceTree = "<group>"; };
		FD2977682DAE8DB600FCCF50 /* GoogleService-Info.plist */ = {isa = PBXFileReference; lastKnownFileType = text.plist.xml; path = "GoogleService-Info.plist"; sourceTree = "<group>"; };
		FD9036742DBA6A5400ECC559 /* Question.swift */ = {isa = PBXFileReference; lastKnownFileType = sourcecode.swift; path = Question.swift; sourceTree = "<group>"; };
		FD9036752DBA6A5400ECC559 /* Users.swift */ = {isa = PBXFileReference; lastKnownFileType = sourcecode.swift; path = Users.swift; sourceTree = "<group>"; };
		FD9036772DBA6A5400ECC559 /* GreatAnswerView.swift */ = {isa = PBXFileReference; lastKnownFileType = sourcecode.swift; path = GreatAnswerView.swift; sourceTree = "<group>"; };
		FD9036782DBA6A5400ECC559 /* GreatAnswerView2.swift */ = {isa = PBXFileReference; lastKnownFileType = sourcecode.swift; path = GreatAnswerView2.swift; sourceTree = "<group>"; };
		FD9036792DBA6A5400ECC559 /* GreatAnswerView3.swift */ = {isa = PBXFileReference; lastKnownFileType = sourcecode.swift; path = GreatAnswerView3.swift; sourceTree = "<group>"; };
		FD90367A2DBA6A5400ECC559 /* SumView1.swift */ = {isa = PBXFileReference; lastKnownFileType = sourcecode.swift; path = SumView1.swift; sourceTree = "<group>"; };
		FD90367B2DBA6A5400ECC559 /* SumView2.swift */ = {isa = PBXFileReference; lastKnownFileType = sourcecode.swift; path = SumView2.swift; sourceTree = "<group>"; };
		FD90367C2DBA6A5400ECC559 /* SumView3.swift */ = {isa = PBXFileReference; lastKnownFileType = sourcecode.swift; path = SumView3.swift; sourceTree = "<group>"; };
		FD90367D2DBA6A5400ECC559 /* WellDoneView.swift */ = {isa = PBXFileReference; lastKnownFileType = sourcecode.swift; path = WellDoneView.swift; sourceTree = "<group>"; };
		FD90367F2DBA6A5400ECC559 /* AppEggView.swift */ = {isa = PBXFileReference; lastKnownFileType = sourcecode.swift; path = AppEggView.swift; sourceTree = "<group>"; };
		FD9036802DBA6A5400ECC559 /* AppLoadingPage.swift */ = {isa = PBXFileReference; lastKnownFileType = sourcecode.swift; path = AppLoadingPage.swift; sourceTree = "<group>"; };
		FD9036812DBA6A5400ECC559 /* CheckboxToggleStyle.swift */ = {isa = PBXFileReference; lastKnownFileType = sourcecode.swift; path = CheckboxToggleStyle.swift; sourceTree = "<group>"; };
		FD9036822DBA6A5400ECC559 /* CustomTabBar.swift */ = {isa = PBXFileReference; lastKnownFileType = sourcecode.swift; path = CustomTabBar.swift; sourceTree = "<group>"; };
		FD9036832DBA6A5400ECC559 /* MentorBotHead.swift */ = {isa = PBXFileReference; lastKnownFileType = sourcecode.swift; path = MentorBotHead.swift; sourceTree = "<group>"; };
		FD9036842DBA6A5400ECC559 /* ProgressBar.swift */ = {isa = PBXFileReference; lastKnownFileType = sourcecode.swift; path = ProgressBar.swift; sourceTree = "<group>"; };
		FD9036852DBA6A5400ECC559 /* ProgressStep.swift */ = {isa = PBXFileReference; lastKnownFileType = sourcecode.swift; path = ProgressStep.swift; sourceTree = "<group>"; };
		FD9036872DBA6A5400ECC559 /* QuestionView1.swift */ = {isa = PBXFileReference; lastKnownFileType = sourcecode.swift; path = QuestionView1.swift; sourceTree = "<group>"; };
		FD9036882DBA6A5400ECC559 /* QuestionView2.swift */ = {isa = PBXFileReference; lastKnownFileType = sourcecode.swift; path = QuestionView2.swift; sourceTree = "<group>"; };
		FD9036892DBA6A5400ECC559 /* QuestionView3.swift */ = {isa = PBXFileReference; lastKnownFileType = sourcecode.swift; path = QuestionView3.swift; sourceTree = "<group>"; };
		FD90368B2DBA6A5400ECC559 /* MatchRowView.swift */ = {isa = PBXFileReference; lastKnownFileType = sourcecode.swift; path = MatchRowView.swift; sourceTree = "<group>"; };
		FD90368E2DBA6A5400ECC559 /* MatchView.swift */ = {isa = PBXFileReference; lastKnownFileType = sourcecode.swift; path = MatchView.swift; sourceTree = "<group>"; };
		FD90368F2DBA6A5400ECC559 /* ChatView.swift */ = {isa = PBXFileReference; lastKnownFileType = sourcecode.swift; path = ChatView.swift; sourceTree = "<group>"; };
		FD9036902DBA6A5400ECC559 /* ProfileView.swift */ = {isa = PBXFileReference; lastKnownFileType = sourcecode.swift; path = ProfileView.swift; sourceTree = "<group>"; };
		FD9036922DBA6A5400ECC559 /* QuestionsRowView.swift */ = {isa = PBXFileReference; lastKnownFileType = sourcecode.swift; path = QuestionsRowView.swift; sourceTree = "<group>"; };
		FD9036932DBA6A5400ECC559 /* SumQuestionView.swift */ = {isa = PBXFileReference; lastKnownFileType = sourcecode.swift; path = SumQuestionView.swift; sourceTree = "<group>"; };
		FD9036942DBA6A5400ECC559 /* UserListView.swift */ = {isa = PBXFileReference; lastKnownFileType = sourcecode.swift; path = UserListView.swift; sourceTree = "<group>"; };
		FD9036952DBA6A5400ECC559 /* UserRowView.swift */ = {isa = PBXFileReference; lastKnownFileType = sourcecode.swift; path = UserRowView.swift; sourceTree = "<group>"; };
		FD9036972DBA6A5400ECC559 /* NameView.swift */ = {isa = PBXFileReference; lastKnownFileType = sourcecode.swift; path = NameView.swift; sourceTree = "<group>"; };
		FD9036982DBA6A5400ECC559 /* PlayView.swift */ = {isa = PBXFileReference; lastKnownFileType = sourcecode.swift; path = PlayView.swift; sourceTree = "<group>"; };
		FD90369A2DBA6A5400ECC559 /* QuestionViewModel.swift */ = {isa = PBXFileReference; lastKnownFileType = sourcecode.swift; path = QuestionViewModel.swift; sourceTree = "<group>"; };
		FD90369B2DBA6A5400ECC559 /* UsersViewModel.swift */ = {isa = PBXFileReference; lastKnownFileType = sourcecode.swift; path = UsersViewModel.swift; sourceTree = "<group>"; };
		FD90369E2DBA6A5400ECC559 /* Publishers_KeyboardHeigh.swift */ = {isa = PBXFileReference; lastKnownFileType = sourcecode.swift; path = Publishers_KeyboardHeigh.swift; sourceTree = "<group>"; };
		FD9036A02DBA6A5400ECC559 /* K2D-Bold.ttf */ = {isa = PBXFileReference; lastKnownFileType = file; path = "K2D-Bold.ttf"; sourceTree = "<group>"; };
		FD9036A12DBA6A5400ECC559 /* K2D-Light.ttf */ = {isa = PBXFileReference; lastKnownFileType = file; path = "K2D-Light.ttf"; sourceTree = "<group>"; };
		FD9036A22DBA6A5400ECC559 /* K2D-Regular.ttf */ = {isa = PBXFileReference; lastKnownFileType = file; path = "K2D-Regular.ttf"; sourceTree = "<group>"; };
		FD9036A32DBA6A5400ECC559 /* K2D-SemiBold.ttf */ = {isa = PBXFileReference; lastKnownFileType = file; path = "K2D-SemiBold.ttf"; sourceTree = "<group>"; };
		FD9036A42DBA6A5400ECC559 /* Nunito-Bold.ttf */ = {isa = PBXFileReference; lastKnownFileType = file; path = "Nunito-Bold.ttf"; sourceTree = "<group>"; };
		FD9036A52DBA6A5400ECC559 /* Nunito-Regular.ttf */ = {isa = PBXFileReference; lastKnownFileType = file; path = "Nunito-Regular.ttf"; sourceTree = "<group>"; };
		FD9036A62DBA6A5400ECC559 /* Nunito-SemiBold.ttf */ = {isa = PBXFileReference; lastKnownFileType = file; path = "Nunito-SemiBold.ttf"; sourceTree = "<group>"; };
		FD9036A92DBA6A5400ECC559 /* Preview Assets.xcassets */ = {isa = PBXFileReference; lastKnownFileType = folder.assetcatalog; path = "Preview Assets.xcassets"; sourceTree = "<group>"; };
		FD9036AB2DBA6A5400ECC559 /* Utilities.swift */ = {isa = PBXFileReference; lastKnownFileType = sourcecode.swift; path = Utilities.swift; sourceTree = "<group>"; };
		FD9036AD2DBA6A5400ECC559 /* Assets.xcassets */ = {isa = PBXFileReference; lastKnownFileType = folder.assetcatalog; path = Assets.xcassets; sourceTree = "<group>"; };
		FD9036AE2DBA6A5400ECC559 /* IceMeltingApp.swift */ = {isa = PBXFileReference; lastKnownFileType = sourcecode.swift; path = IceMeltingApp.swift; sourceTree = "<group>"; };
		FD9036AF2DBA6A5400ECC559 /* Info.plist */ = {isa = PBXFileReference; lastKnownFileType = text.plist.xml; path = Info.plist; sourceTree = "<group>"; };
		FD9036E92DBA6DCE00ECC559 /* ChatViewModel.swift */ = {isa = PBXFileReference; lastKnownFileType = sourcecode.swift; path = ChatViewModel.swift; sourceTree = "<group>"; };
		FD9036EB2DBA6E0A00ECC559 /* Contact.swift */ = {isa = PBXFileReference; lastKnownFileType = sourcecode.swift; path = Contact.swift; sourceTree = "<group>"; };
		FD9036EE2DBA6E5D00ECC559 /* ContactRowView.swift */ = {isa = PBXFileReference; lastKnownFileType = sourcecode.swift; path = ContactRowView.swift; sourceTree = "<group>"; };
		FD9036F02DBA6F2500ECC559 /* ChatDetailView.swift */ = {isa = PBXFileReference; lastKnownFileType = sourcecode.swift; path = ChatDetailView.swift; sourceTree = "<group>"; };
		FD9036F22DBA702E00ECC559 /* Message.swift */ = {isa = PBXFileReference; lastKnownFileType = sourcecode.swift; path = Message.swift; sourceTree = "<group>"; };
		FD9036F42DBA705000ECC559 /* ChatDetailViewModel.swift */ = {isa = PBXFileReference; lastKnownFileType = sourcecode.swift; path = ChatDetailViewModel.swift; sourceTree = "<group>"; };
		FD90377B2DBB4A3800ECC559 /* SessionStore.swift */ = {isa = PBXFileReference; lastKnownFileType = sourcecode.swift; path = SessionStore.swift; sourceTree = "<group>"; };
		FD90377D2DBB4F7200ECC559 /* AuthViewModel.swift */ = {isa = PBXFileReference; lastKnownFileType = sourcecode.swift; path = AuthViewModel.swift; sourceTree = "<group>"; };
		FD90377F2DBB4F9D00ECC559 /* AuthenticationView.swift */ = {isa = PBXFileReference; lastKnownFileType = sourcecode.swift; path = AuthenticationView.swift; sourceTree = "<group>"; };
		FD9037802DBB4F9D00ECC559 /* GoogleSignInButton.swift */ = {isa = PBXFileReference; lastKnownFileType = sourcecode.swift; path = GoogleSignInButton.swift; sourceTree = "<group>"; };
		FD9037812DBB4F9D00ECC559 /* RegistrationView.swift */ = {isa = PBXFileReference; lastKnownFileType = sourcecode.swift; path = RegistrationView.swift; sourceTree = "<group>"; };
		FD9037822DBB4F9D00ECC559 /* RootView.swift */ = {isa = PBXFileReference; lastKnownFileType = sourcecode.swift; path = RootView.swift; sourceTree = "<group>"; };
		FD9037892DBB64F600ECC559 /* SignInEmailView.swift */ = {isa = PBXFileReference; lastKnownFileType = sourcecode.swift; path = SignInEmailView.swift; sourceTree = "<group>"; };
		FD9C745C2D964A670057B77C /* IceMelting.app */ = {isa = PBXFileReference; explicitFileType = wrapper.application; includeInIndex = 0; path = IceMelting.app; sourceTree = BUILT_PRODUCTS_DIR; };
		FD9C746C2D964A690057B77C /* IceMeltingTests.xctest */ = {isa = PBXFileReference; explicitFileType = wrapper.cfbundle; includeInIndex = 0; path = IceMeltingTests.xctest; sourceTree = BUILT_PRODUCTS_DIR; };
		FD9C74762D964A690057B77C /* IceMeltingUITests.xctest */ = {isa = PBXFileReference; explicitFileType = wrapper.cfbundle; includeInIndex = 0; path = IceMeltingUITests.xctest; sourceTree = BUILT_PRODUCTS_DIR; };
		FDA652F82DA8F8B6004384D3 /* .gitignore */ = {isa = PBXFileReference; lastKnownFileType = text; path = .gitignore; sourceTree = "<group>"; };
/* End PBXFileReference section */

/* Begin PBXFileSystemSynchronizedRootGroup section */
		FD9C746F2D964A690057B77C /* IceMeltingTests */ = {
			isa = PBXFileSystemSynchronizedRootGroup;
			path = IceMeltingTests;
			sourceTree = "<group>";
		};
		FD9C74792D964A690057B77C /* IceMeltingUITests */ = {
			isa = PBXFileSystemSynchronizedRootGroup;
			path = IceMeltingUITests;
			sourceTree = "<group>";
		};
/* End PBXFileSystemSynchronizedRootGroup section */

/* Begin PBXFrameworksBuildPhase section */
		FD9C74592D964A670057B77C /* Frameworks */ = {
			isa = PBXFrameworksBuildPhase;
			buildActionMask = 2147483647;
			files = (
				FDDD7AC82DAD55790040A415 /* GoogleSignIn in Frameworks */,
				9727D94B2DCDCDA300F6F15D /* FirebaseStorageCombine-Community in Frameworks */,
				9727D9432DCDCDA300F6F15D /* FirebaseAuth in Frameworks */,
				9727D9452DCDCDA300F6F15D /* FirebaseCore in Frameworks */,
				9727D9472DCDCDA300F6F15D /* FirebaseFirestore in Frameworks */,
				FDDD7ABE2DAD4E660040A415 /* GoogleSignInSwift in Frameworks */,
				9727D9492DCDCDA300F6F15D /* FirebaseStorage in Frameworks */,
			);
			runOnlyForDeploymentPostprocessing = 0;
		};
		FD9C74692D964A690057B77C /* Frameworks */ = {
			isa = PBXFrameworksBuildPhase;
			buildActionMask = 2147483647;
			files = (
			);
			runOnlyForDeploymentPostprocessing = 0;
		};
		FD9C74732D964A690057B77C /* Frameworks */ = {
			isa = PBXFrameworksBuildPhase;
			buildActionMask = 2147483647;
			files = (
			);
			runOnlyForDeploymentPostprocessing = 0;
		};
/* End PBXFrameworksBuildPhase section */

/* Begin PBXGroup section */
		FD9036662DBA6A5400ECC559 /* Helper */ = {
			isa = PBXGroup;
			children = (
				FD90377B2DBB4A3800ECC559 /* SessionStore.swift */,
				FD90377D2DBB4F7200ECC559 /* AuthViewModel.swift */,
			);
			path = Helper;
			sourceTree = "<group>";
		};
		FD90366E2DBA6A5400ECC559 /* View */ = {
			isa = PBXGroup;
			children = (
				FD90377F2DBB4F9D00ECC559 /* AuthenticationView.swift */,
				FD228F0E2DD8783800856ECD /* demo.swift */,
				FD9037802DBB4F9D00ECC559 /* GoogleSignInButton.swift */,
				FD9037812DBB4F9D00ECC559 /* RegistrationView.swift */,
				FD9037822DBB4F9D00ECC559 /* RootView.swift */,
				FD9037892DBB64F600ECC559 /* SignInEmailView.swift */,
			);
			path = View;
			sourceTree = "<group>";
		};
		FD9036732DBA6A5400ECC559 /* Authentication */ = {
			isa = PBXGroup;
			children = (
				FD9036662DBA6A5400ECC559 /* Helper */,
				FD90366E2DBA6A5400ECC559 /* View */,
			);
			path = Authentication;
			sourceTree = "<group>";
		};
		FD9036762DBA6A5400ECC559 /* Model */ = {
			isa = PBXGroup;
			children = (
				FD228ED12DD42BC100856ECD /* GenerationConfig.swift */,
				FD9036F22DBA702E00ECC559 /* Message.swift */,
				FD9036EB2DBA6E0A00ECC559 /* Contact.swift */,
				FD9036742DBA6A5400ECC559 /* Question.swift */,
				FD9036752DBA6A5400ECC559 /* Users.swift */,
				FD228ED52DD42C0F00856ECD /* MessageModel.swift */,
			);
			path = Model;
			sourceTree = "<group>";
		};
		FD90367E2DBA6A5400ECC559 /* AfterQuestionComponents */ = {
			isa = PBXGroup;
			children = (
				FD9036772DBA6A5400ECC559 /* GreatAnswerView.swift */,
				FD9036782DBA6A5400ECC559 /* GreatAnswerView2.swift */,
				FD9036792DBA6A5400ECC559 /* GreatAnswerView3.swift */,
				FD90367A2DBA6A5400ECC559 /* SumView1.swift */,
				FD90367B2DBA6A5400ECC559 /* SumView2.swift */,
				FD90367C2DBA6A5400ECC559 /* SumView3.swift */,
				FD90367D2DBA6A5400ECC559 /* WellDoneView.swift */,
			);
			path = AfterQuestionComponents;
			sourceTree = "<group>";
		};
		FD9036862DBA6A5400ECC559 /* CustomComponents */ = {
			isa = PBXGroup;
			children = (
				FD90367F2DBA6A5400ECC559 /* AppEggView.swift */,
				FD9036802DBA6A5400ECC559 /* AppLoadingPage.swift */,
				FD9036812DBA6A5400ECC559 /* CheckboxToggleStyle.swift */,
				FD9036822DBA6A5400ECC559 /* CustomTabBar.swift */,
				FD9036832DBA6A5400ECC559 /* MentorBotHead.swift */,
				FD9036842DBA6A5400ECC559 /* ProgressBar.swift */,
				FD9036852DBA6A5400ECC559 /* ProgressStep.swift */,
			);
			path = CustomComponents;
			sourceTree = "<group>";
		};
		FD90368A2DBA6A5400ECC559 /* QuestionComponents */ = {
			isa = PBXGroup;
			children = (
				FD9036872DBA6A5400ECC559 /* QuestionView1.swift */,
				FD9036882DBA6A5400ECC559 /* QuestionView2.swift */,
				FD9036892DBA6A5400ECC559 /* QuestionView3.swift */,
			);
			path = QuestionComponents;
			sourceTree = "<group>";
		};
		FD90368C2DBA6A5400ECC559 /* ResultComponents */ = {
			isa = PBXGroup;
			children = (
				FD90368B2DBA6A5400ECC559 /* MatchRowView.swift */,
			);
			path = ResultComponents;
			sourceTree = "<group>";
		};
		FD9036912DBA6A5400ECC559 /* TabbarViews */ = {
			isa = PBXGroup;
			children = (
				FD90368E2DBA6A5400ECC559 /* MatchView.swift */,
				FD90368F2DBA6A5400ECC559 /* ChatView.swift */,
				FD228F062DD716A900856ECD /* ChatDemoView.swift */,
				FD9036902DBA6A5400ECC559 /* ProfileView.swift */,
				FD228E652DD3592A00856ECD /* InsightPageView.swift */,
			);
			path = TabbarViews;
			sourceTree = "<group>";
		};
		FD9036962DBA6A5400ECC559 /* WithUsers */ = {
			isa = PBXGroup;
			children = (
				FD09D7CA2DC7A4B00047B141 /* SkillExchangeView.swift */,
				FD9036922DBA6A5400ECC559 /* QuestionsRowView.swift */,
				FD9036932DBA6A5400ECC559 /* SumQuestionView.swift */,
				FD9036942DBA6A5400ECC559 /* UserListView.swift */,
				FD9036952DBA6A5400ECC559 /* UserRowView.swift */,
				FD09D7C22DC765890047B141 /* UserDetailView.swift */,
				FD09D7C82DC7903B0047B141 /* ProfileNameCard.swift */,
				FD09D7C62DC779EE0047B141 /* IceBreakingSummaryView.swift */,
				FD09D7C42DC76DBC0047B141 /* MatchKanBan.swift */,
			);
			path = WithUsers;
			sourceTree = "<group>";
		};
		FD9036992DBA6A5400ECC559 /* View */ = {
			isa = PBXGroup;
			children = (
				FD9036ED2DBA6E5700ECC559 /* ChattingView */,
				FD90367E2DBA6A5400ECC559 /* AfterQuestionComponents */,
				FD9036862DBA6A5400ECC559 /* CustomComponents */,
				FD90368A2DBA6A5400ECC559 /* QuestionComponents */,
				FD90368C2DBA6A5400ECC559 /* ResultComponents */,
				FD9036912DBA6A5400ECC559 /* TabbarViews */,
				FD9036962DBA6A5400ECC559 /* WithUsers */,
				FD9036972DBA6A5400ECC559 /* NameView.swift */,
				FD9036982DBA6A5400ECC559 /* PlayView.swift */,
			);
			path = View;
			sourceTree = "<group>";
		};
		FD90369C2DBA6A5400ECC559 /* ViewModel */ = {
			isa = PBXGroup;
			children = (
				FD9036F42DBA705000ECC559 /* ChatDetailViewModel.swift */,
				FD9036E92DBA6DCE00ECC559 /* ChatViewModel.swift */,
				FD90369A2DBA6A5400ECC559 /* QuestionViewModel.swift */,
				FD90369B2DBA6A5400ECC559 /* UsersViewModel.swift */,
				FD228ED32DD42BDB00856ECD /* GenimiViewModel.swift */,
			);
			path = ViewModel;
			sourceTree = "<group>";
		};
		FD90369D2DBA6A5400ECC559 /* Core */ = {
			isa = PBXGroup;
			children = (
				FD9036762DBA6A5400ECC559 /* Model */,
				FD90369C2DBA6A5400ECC559 /* ViewModel */,
				FD9036992DBA6A5400ECC559 /* View */,
			);
			path = Core;
			sourceTree = "<group>";
		};
		FD90369F2DBA6A5400ECC559 /* Extension */ = {
			isa = PBXGroup;
			children = (
				FD90369E2DBA6A5400ECC559 /* Publishers_KeyboardHeigh.swift */,
			);
			path = Extension;
			sourceTree = "<group>";
		};
		FD9036A72DBA6A5400ECC559 /* Font */ = {
			isa = PBXGroup;
			children = (
				FD9036A02DBA6A5400ECC559 /* K2D-Bold.ttf */,
				FD9036A12DBA6A5400ECC559 /* K2D-Light.ttf */,
				FD9036A22DBA6A5400ECC559 /* K2D-Regular.ttf */,
				FD9036A32DBA6A5400ECC559 /* K2D-SemiBold.ttf */,
				FD9036A42DBA6A5400ECC559 /* Nunito-Bold.ttf */,
				FD9036A52DBA6A5400ECC559 /* Nunito-Regular.ttf */,
				FD9036A62DBA6A5400ECC559 /* Nunito-SemiBold.ttf */,
			);
			path = Font;
			sourceTree = "<group>";
		};
		FD9036AA2DBA6A5400ECC559 /* Preview Content */ = {
			isa = PBXGroup;
			children = (
				FD9036A92DBA6A5400ECC559 /* Preview Assets.xcassets */,
			);
			path = "Preview Content";
			sourceTree = "<group>";
		};
		FD9036AC2DBA6A5400ECC559 /* Utilities */ = {
			isa = PBXGroup;
			children = (
				FD9036AB2DBA6A5400ECC559 /* Utilities.swift */,
			);
			path = Utilities;
			sourceTree = "<group>";
		};
		FD9036B02DBA6A5400ECC559 /* IceMelting */ = {
			isa = PBXGroup;
			children = (
				FD9036732DBA6A5400ECC559 /* Authentication */,
				FD90369D2DBA6A5400ECC559 /* Core */,
				FD90369F2DBA6A5400ECC559 /* Extension */,
				FD9036A72DBA6A5400ECC559 /* Font */,
				FD9036AA2DBA6A5400ECC559 /* Preview Content */,
				FD9036AC2DBA6A5400ECC559 /* Utilities */,
				FD9036AD2DBA6A5400ECC559 /* Assets.xcassets */,
				FD9036AE2DBA6A5400ECC559 /* IceMeltingApp.swift */,
				FD9036AF2DBA6A5400ECC559 /* Info.plist */,
			);
			path = IceMelting;
			sourceTree = "<group>";
		};
		FD9036ED2DBA6E5700ECC559 /* ChattingView */ = {
			isa = PBXGroup;
			children = (
				FD228ED72DD4312B00856ECD /* ChatBotView.swift */,
				FD9036F02DBA6F2500ECC559 /* ChatDetailView.swift */,
				FD9036EE2DBA6E5D00ECC559 /* ContactRowView.swift */,
			);
			path = ChattingView;
			sourceTree = "<group>";
		};
		FD9C74532D964A670057B77C = {
			isa = PBXGroup;
			children = (
				FDA652F82DA8F8B6004384D3 /* .gitignore */,
				FD9036B02DBA6A5400ECC559 /* IceMelting */,
				FD9C746F2D964A690057B77C /* IceMeltingTests */,
				FD9C74792D964A690057B77C /* IceMeltingUITests */,
				FD9C745D2D964A670057B77C /* Products */,
				FDDD7AC62DAD55790040A415 /* Frameworks */,
				FD2977682DAE8DB600FCCF50 /* GoogleService-Info.plist */,
			);
			sourceTree = "<group>";
		};
		FD9C745D2D964A670057B77C /* Products */ = {
			isa = PBXGroup;
			children = (
				FD9C745C2D964A670057B77C /* IceMelting.app */,
				FD9C746C2D964A690057B77C /* IceMeltingTests.xctest */,
				FD9C74762D964A690057B77C /* IceMeltingUITests.xctest */,
			);
			name = Products;
			sourceTree = "<group>";
		};
		FDDD7AC62DAD55790040A415 /* Frameworks */ = {
			isa = PBXGroup;
			children = (
			);
			name = Frameworks;
			sourceTree = "<group>";
		};
/* End PBXGroup section */

/* Begin PBXNativeTarget section */
		FD9C745B2D964A670057B77C /* IceMelting */ = {
			isa = PBXNativeTarget;
			buildConfigurationList = FD9C74802D964A690057B77C /* Build configuration list for PBXNativeTarget "IceMelting" */;
			buildPhases = (
				FD9C74582D964A670057B77C /* Sources */,
				FD9C74592D964A670057B77C /* Frameworks */,
				FD9C745A2D964A670057B77C /* Resources */,
			);
			buildRules = (
			);
			dependencies = (
			);
			name = IceMelting;
			packageProductDependencies = (
				FDDD7ABD2DAD4E660040A415 /* GoogleSignInSwift */,
				FDDD7AC72DAD55790040A415 /* GoogleSignIn */,
				9727D9422DCDCDA300F6F15D /* FirebaseAuth */,
				9727D9442DCDCDA300F6F15D /* FirebaseCore */,
				9727D9462DCDCDA300F6F15D /* FirebaseFirestore */,
				9727D9482DCDCDA300F6F15D /* FirebaseStorage */,
				9727D94A2DCDCDA300F6F15D /* FirebaseStorageCombine-Community */,
			);
			productName = IceMelting;
			productReference = FD9C745C2D964A670057B77C /* IceMelting.app */;
			productType = "com.apple.product-type.application";
		};
		FD9C746B2D964A690057B77C /* IceMeltingTests */ = {
			isa = PBXNativeTarget;
			buildConfigurationList = FD9C74832D964A690057B77C /* Build configuration list for PBXNativeTarget "IceMeltingTests" */;
			buildPhases = (
				FD9C74682D964A690057B77C /* Sources */,
				FD9C74692D964A690057B77C /* Frameworks */,
				FD9C746A2D964A690057B77C /* Resources */,
			);
			buildRules = (
			);
			dependencies = (
				FD9C746E2D964A690057B77C /* PBXTargetDependency */,
			);
			fileSystemSynchronizedGroups = (
				FD9C746F2D964A690057B77C /* IceMeltingTests */,
			);
			name = IceMeltingTests;
			packageProductDependencies = (
			);
			productName = IceMeltingTests;
			productReference = FD9C746C2D964A690057B77C /* IceMeltingTests.xctest */;
			productType = "com.apple.product-type.bundle.unit-test";
		};
		FD9C74752D964A690057B77C /* IceMeltingUITests */ = {
			isa = PBXNativeTarget;
			buildConfigurationList = FD9C74862D964A690057B77C /* Build configuration list for PBXNativeTarget "IceMeltingUITests" */;
			buildPhases = (
				FD9C74722D964A690057B77C /* Sources */,
				FD9C74732D964A690057B77C /* Frameworks */,
				FD9C74742D964A690057B77C /* Resources */,
			);
			buildRules = (
			);
			dependencies = (
				FD9C74782D964A690057B77C /* PBXTargetDependency */,
			);
			fileSystemSynchronizedGroups = (
				FD9C74792D964A690057B77C /* IceMeltingUITests */,
			);
			name = IceMeltingUITests;
			packageProductDependencies = (
			);
			productName = IceMeltingUITests;
			productReference = FD9C74762D964A690057B77C /* IceMeltingUITests.xctest */;
			productType = "com.apple.product-type.bundle.ui-testing";
		};
/* End PBXNativeTarget section */

/* Begin PBXProject section */
		FD9C74542D964A670057B77C /* Project object */ = {
			isa = PBXProject;
			attributes = {
				BuildIndependentTargetsInParallel = 1;
				LastSwiftUpdateCheck = 1620;
				LastUpgradeCheck = 1620;
				TargetAttributes = {
					FD9C745B2D964A670057B77C = {
						CreatedOnToolsVersion = 16.2;
					};
					FD9C746B2D964A690057B77C = {
						CreatedOnToolsVersion = 16.2;
						TestTargetID = FD9C745B2D964A670057B77C;
					};
					FD9C74752D964A690057B77C = {
						CreatedOnToolsVersion = 16.2;
						TestTargetID = FD9C745B2D964A670057B77C;
					};
				};
			};
			buildConfigurationList = FD9C74572D964A670057B77C /* Build configuration list for PBXProject "IceMelting" */;
			developmentRegion = en;
			hasScannedForEncodings = 0;
			knownRegions = (
				en,
				Base,
			);
			mainGroup = FD9C74532D964A670057B77C;
			minimizedProjectReferenceProxies = 1;
			packageReferences = (
				FDDD7ABA2DAD4E660040A415 /* XCRemoteSwiftPackageReference "GoogleSignIn-iOS" */,
				9727D9412DCDCDA300F6F15D /* XCRemoteSwiftPackageReference "firebase-ios-sdk" */,
			);
			preferredProjectObjectVersion = 77;
			productRefGroup = FD9C745D2D964A670057B77C /* Products */;
			projectDirPath = "";
			projectRoot = "";
			targets = (
				FD9C745B2D964A670057B77C /* IceMelting */,
				FD9C746B2D964A690057B77C /* IceMeltingTests */,
				FD9C74752D964A690057B77C /* IceMeltingUITests */,
			);
		};
/* End PBXProject section */

/* Begin PBXResourcesBuildPhase section */
		FD9C745A2D964A670057B77C /* Resources */ = {
			isa = PBXResourcesBuildPhase;
			buildActionMask = 2147483647;
			files = (
				FDA652F92DA8F8B6004384D3 /* .gitignore in Resources */,
				FD2977692DAE8DB600FCCF50 /* GoogleService-Info.plist in Resources */,
				FD9036DF2DBA6A5400ECC559 /* K2D-Bold.ttf in Resources */,
				FD9036E02DBA6A5400ECC559 /* K2D-Light.ttf in Resources */,
				FD9036E12DBA6A5400ECC559 /* K2D-Regular.ttf in Resources */,
				FD9036E22DBA6A5400ECC559 /* K2D-SemiBold.ttf in Resources */,
				FD9036E32DBA6A5400ECC559 /* Nunito-Bold.ttf in Resources */,
				FD9036E42DBA6A5400ECC559 /* Nunito-Regular.ttf in Resources */,
				FD9036E52DBA6A5400ECC559 /* Nunito-SemiBold.ttf in Resources */,
				FD9036E62DBA6A5400ECC559 /* Preview Assets.xcassets in Resources */,
				FD9036E72DBA6A5400ECC559 /* Assets.xcassets in Resources */,
			);
			runOnlyForDeploymentPostprocessing = 0;
		};
		FD9C746A2D964A690057B77C /* Resources */ = {
			isa = PBXResourcesBuildPhase;
			buildActionMask = 2147483647;
			files = (
			);
			runOnlyForDeploymentPostprocessing = 0;
		};
		FD9C74742D964A690057B77C /* Resources */ = {
			isa = PBXResourcesBuildPhase;
			buildActionMask = 2147483647;
			files = (
			);
			runOnlyForDeploymentPostprocessing = 0;
		};
/* End PBXResourcesBuildPhase section */

/* Begin PBXSourcesBuildPhase section */
		FD9C74582D964A670057B77C /* Sources */ = {
			isa = PBXSourcesBuildPhase;
			buildActionMask = 2147483647;
			files = (
				FD9036F32DBA702E00ECC559 /* Message.swift in Sources */,
				FD9036F12DBA6F2500ECC559 /* ChatDetailView.swift in Sources */,
				FD9036BC2DBA6A5400ECC559 /* Question.swift in Sources */,
				FD9036BD2DBA6A5400ECC559 /* Users.swift in Sources */,
				FD228E662DD3592A00856ECD /* InsightPageView.swift in Sources */,
				FD228F072DD716A900856ECD /* ChatDemoView.swift in Sources */,
				FD228ED22DD42BC100856ECD /* GenerationConfig.swift in Sources */,
				FD9036BE2DBA6A5400ECC559 /* GreatAnswerView.swift in Sources */,
				FD9036BF2DBA6A5400ECC559 /* GreatAnswerView2.swift in Sources */,
				FD9036C02DBA6A5400ECC559 /* GreatAnswerView3.swift in Sources */,
				FD9036C12DBA6A5400ECC559 /* SumView1.swift in Sources */,
				FD9036C22DBA6A5400ECC559 /* SumView2.swift in Sources */,
				FD9036C32DBA6A5400ECC559 /* SumView3.swift in Sources */,
				FD228ED42DD42BDB00856ECD /* GenimiViewModel.swift in Sources */,
				FD9036C42DBA6A5400ECC559 /* WellDoneView.swift in Sources */,
				FD9036C52DBA6A5400ECC559 /* AppEggView.swift in Sources */,
				FD09D7C92DC7903B0047B141 /* ProfileNameCard.swift in Sources */,
				FD9036C62DBA6A5400ECC559 /* AppLoadingPage.swift in Sources */,
				FD9036C72DBA6A5400ECC559 /* CheckboxToggleStyle.swift in Sources */,
				FD228ED82DD4312B00856ECD /* ChatBotView.swift in Sources */,
				FD9036C82DBA6A5400ECC559 /* CustomTabBar.swift in Sources */,
				FD9036C92DBA6A5400ECC559 /* MentorBotHead.swift in Sources */,
				FD9036F52DBA705000ECC559 /* ChatDetailViewModel.swift in Sources */,
				FD9036EA2DBA6DCE00ECC559 /* ChatViewModel.swift in Sources */,
				FD90377E2DBB4F7200ECC559 /* AuthViewModel.swift in Sources */,
				FD9036CA2DBA6A5400ECC559 /* ProgressBar.swift in Sources */,
				FD9036CB2DBA6A5400ECC559 /* ProgressStep.swift in Sources */,
				FD9036CC2DBA6A5400ECC559 /* QuestionView1.swift in Sources */,
				FD9036CD2DBA6A5400ECC559 /* QuestionView2.swift in Sources */,
				FD09D7C72DC779EE0047B141 /* IceBreakingSummaryView.swift in Sources */,
				FD9036CE2DBA6A5400ECC559 /* QuestionView3.swift in Sources */,
				FD9036CF2DBA6A5400ECC559 /* MatchRowView.swift in Sources */,
				FD09D7C32DC765890047B141 /* UserDetailView.swift in Sources */,
				FD9036D12DBA6A5400ECC559 /* MatchView.swift in Sources */,
				FD09D7CB2DC7A4B00047B141 /* SkillExchangeView.swift in Sources */,
				FD90377C2DBB4A3800ECC559 /* SessionStore.swift in Sources */,
				FD9037842DBB4F9D00ECC559 /* GoogleSignInButton.swift in Sources */,
				FD9037852DBB4F9D00ECC559 /* RegistrationView.swift in Sources */,
				FD9037872DBB4F9D00ECC559 /* RootView.swift in Sources */,
				FD9037882DBB4F9D00ECC559 /* AuthenticationView.swift in Sources */,
				FD9036D22DBA6A5400ECC559 /* ChatView.swift in Sources */,
				FD90378A2DBB64F600ECC559 /* SignInEmailView.swift in Sources */,
				FD9036D32DBA6A5400ECC559 /* ProfileView.swift in Sources */,
				FD9036EF2DBA6E5D00ECC559 /* ContactRowView.swift in Sources */,
				FD9036EC2DBA6E0A00ECC559 /* Contact.swift in Sources */,
				FD9036D42DBA6A5400ECC559 /* QuestionsRowView.swift in Sources */,
				FD9036D52DBA6A5400ECC559 /* SumQuestionView.swift in Sources */,
				FD228F0F2DD8783800856ECD /* demo.swift in Sources */,
				FD9036D62DBA6A5400ECC559 /* UserListView.swift in Sources */,
				FD9036D72DBA6A5400ECC559 /* UserRowView.swift in Sources */,
				FD09D7C52DC76DBC0047B141 /* MatchKanBan.swift in Sources */,
				FD9036D82DBA6A5400ECC559 /* NameView.swift in Sources */,
				FD9036D92DBA6A5400ECC559 /* PlayView.swift in Sources */,
				FD9036DA2DBA6A5400ECC559 /* QuestionViewModel.swift in Sources */,
				FD228ED62DD42C0F00856ECD /* MessageModel.swift in Sources */,
				FD9036DB2DBA6A5400ECC559 /* UsersViewModel.swift in Sources */,
				FD9036DC2DBA6A5400ECC559 /* Publishers_KeyboardHeigh.swift in Sources */,
				FD9036DD2DBA6A5400ECC559 /* Utilities.swift in Sources */,
				FD9036DE2DBA6A5400ECC559 /* IceMeltingApp.swift in Sources */,
			);
			runOnlyForDeploymentPostprocessing = 0;
		};
		FD9C74682D964A690057B77C /* Sources */ = {
			isa = PBXSourcesBuildPhase;
			buildActionMask = 2147483647;
			files = (
			);
			runOnlyForDeploymentPostprocessing = 0;
		};
		FD9C74722D964A690057B77C /* Sources */ = {
			isa = PBXSourcesBuildPhase;
			buildActionMask = 2147483647;
			files = (
			);
			runOnlyForDeploymentPostprocessing = 0;
		};
/* End PBXSourcesBuildPhase section */

/* Begin PBXTargetDependency section */
		FD9C746E2D964A690057B77C /* PBXTargetDependency */ = {
			isa = PBXTargetDependency;
			target = FD9C745B2D964A670057B77C /* IceMelting */;
			targetProxy = FD9C746D2D964A690057B77C /* PBXContainerItemProxy */;
		};
		FD9C74782D964A690057B77C /* PBXTargetDependency */ = {
			isa = PBXTargetDependency;
			target = FD9C745B2D964A670057B77C /* IceMelting */;
			targetProxy = FD9C74772D964A690057B77C /* PBXContainerItemProxy */;
		};
/* End PBXTargetDependency section */

/* Begin XCBuildConfiguration section */
		FD9C747E2D964A690057B77C /* Debug */ = {
			isa = XCBuildConfiguration;
			buildSettings = {
				ALWAYS_SEARCH_USER_PATHS = NO;
				ASSETCATALOG_COMPILER_GENERATE_SWIFT_ASSET_SYMBOL_EXTENSIONS = YES;
				CLANG_ANALYZER_NONNULL = YES;
				CLANG_ANALYZER_NUMBER_OBJECT_CONVERSION = YES_AGGRESSIVE;
				CLANG_CXX_LANGUAGE_STANDARD = "gnu++20";
				CLANG_ENABLE_MODULES = YES;
				CLANG_ENABLE_OBJC_ARC = YES;
				CLANG_ENABLE_OBJC_WEAK = YES;
				CLANG_WARN_BLOCK_CAPTURE_AUTORELEASING = YES;
				CLANG_WARN_BOOL_CONVERSION = YES;
				CLANG_WARN_COMMA = YES;
				CLANG_WARN_CONSTANT_CONVERSION = YES;
				CLANG_WARN_DEPRECATED_OBJC_IMPLEMENTATIONS = YES;
				CLANG_WARN_DIRECT_OBJC_ISA_USAGE = YES_ERROR;
				CLANG_WARN_DOCUMENTATION_COMMENTS = YES;
				CLANG_WARN_EMPTY_BODY = YES;
				CLANG_WARN_ENUM_CONVERSION = YES;
				CLANG_WARN_INFINITE_RECURSION = YES;
				CLANG_WARN_INT_CONVERSION = YES;
				CLANG_WARN_NON_LITERAL_NULL_CONVERSION = YES;
				CLANG_WARN_OBJC_IMPLICIT_RETAIN_SELF = YES;
				CLANG_WARN_OBJC_LITERAL_CONVERSION = YES;
				CLANG_WARN_OBJC_ROOT_CLASS = YES_ERROR;
				CLANG_WARN_QUOTED_INCLUDE_IN_FRAMEWORK_HEADER = YES;
				CLANG_WARN_RANGE_LOOP_ANALYSIS = YES;
				CLANG_WARN_STRICT_PROTOTYPES = YES;
				CLANG_WARN_SUSPICIOUS_MOVE = YES;
				CLANG_WARN_UNGUARDED_AVAILABILITY = YES_AGGRESSIVE;
				CLANG_WARN_UNREACHABLE_CODE = YES;
				CLANG_WARN__DUPLICATE_METHOD_MATCH = YES;
				COPY_PHASE_STRIP = NO;
				DEBUG_INFORMATION_FORMAT = dwarf;
				ENABLE_STRICT_OBJC_MSGSEND = YES;
				ENABLE_TESTABILITY = YES;
				ENABLE_USER_SCRIPT_SANDBOXING = YES;
				GCC_C_LANGUAGE_STANDARD = gnu17;
				GCC_DYNAMIC_NO_PIC = NO;
				GCC_NO_COMMON_BLOCKS = YES;
				GCC_OPTIMIZATION_LEVEL = 0;
				GCC_PREPROCESSOR_DEFINITIONS = (
					"DEBUG=1",
					"$(inherited)",
				);
				GCC_WARN_64_TO_32_BIT_CONVERSION = YES;
				GCC_WARN_ABOUT_RETURN_TYPE = YES_ERROR;
				GCC_WARN_UNDECLARED_SELECTOR = YES;
				GCC_WARN_UNINITIALIZED_AUTOS = YES_AGGRESSIVE;
				GCC_WARN_UNUSED_FUNCTION = YES;
				GCC_WARN_UNUSED_VARIABLE = YES;
				IPHONEOS_DEPLOYMENT_TARGET = 18.2;
				LOCALIZATION_PREFERS_STRING_CATALOGS = YES;
				MTL_ENABLE_DEBUG_INFO = INCLUDE_SOURCE;
				MTL_FAST_MATH = YES;
				ONLY_ACTIVE_ARCH = YES;
				SDKROOT = iphoneos;
				SWIFT_ACTIVE_COMPILATION_CONDITIONS = "DEBUG $(inherited)";
				SWIFT_OPTIMIZATION_LEVEL = "-Onone";
			};
			name = Debug;
		};
		FD9C747F2D964A690057B77C /* Release */ = {
			isa = XCBuildConfiguration;
			buildSettings = {
				ALWAYS_SEARCH_USER_PATHS = NO;
				ASSETCATALOG_COMPILER_GENERATE_SWIFT_ASSET_SYMBOL_EXTENSIONS = YES;
				CLANG_ANALYZER_NONNULL = YES;
				CLANG_ANALYZER_NUMBER_OBJECT_CONVERSION = YES_AGGRESSIVE;
				CLANG_CXX_LANGUAGE_STANDARD = "gnu++20";
				CLANG_ENABLE_MODULES = YES;
				CLANG_ENABLE_OBJC_ARC = YES;
				CLANG_ENABLE_OBJC_WEAK = YES;
				CLANG_WARN_BLOCK_CAPTURE_AUTORELEASING = YES;
				CLANG_WARN_BOOL_CONVERSION = YES;
				CLANG_WARN_COMMA = YES;
				CLANG_WARN_CONSTANT_CONVERSION = YES;
				CLANG_WARN_DEPRECATED_OBJC_IMPLEMENTATIONS = YES;
				CLANG_WARN_DIRECT_OBJC_ISA_USAGE = YES_ERROR;
				CLANG_WARN_DOCUMENTATION_COMMENTS = YES;
				CLANG_WARN_EMPTY_BODY = YES;
				CLANG_WARN_ENUM_CONVERSION = YES;
				CLANG_WARN_INFINITE_RECURSION = YES;
				CLANG_WARN_INT_CONVERSION = YES;
				CLANG_WARN_NON_LITERAL_NULL_CONVERSION = YES;
				CLANG_WARN_OBJC_IMPLICIT_RETAIN_SELF = YES;
				CLANG_WARN_OBJC_LITERAL_CONVERSION = YES;
				CLANG_WARN_OBJC_ROOT_CLASS = YES_ERROR;
				CLANG_WARN_QUOTED_INCLUDE_IN_FRAMEWORK_HEADER = YES;
				CLANG_WARN_RANGE_LOOP_ANALYSIS = YES;
				CLANG_WARN_STRICT_PROTOTYPES = YES;
				CLANG_WARN_SUSPICIOUS_MOVE = YES;
				CLANG_WARN_UNGUARDED_AVAILABILITY = YES_AGGRESSIVE;
				CLANG_WARN_UNREACHABLE_CODE = YES;
				CLANG_WARN__DUPLICATE_METHOD_MATCH = YES;
				COPY_PHASE_STRIP = NO;
				DEBUG_INFORMATION_FORMAT = "dwarf-with-dsym";
				ENABLE_NS_ASSERTIONS = NO;
				ENABLE_STRICT_OBJC_MSGSEND = YES;
				ENABLE_USER_SCRIPT_SANDBOXING = YES;
				GCC_C_LANGUAGE_STANDARD = gnu17;
				GCC_NO_COMMON_BLOCKS = YES;
				GCC_WARN_64_TO_32_BIT_CONVERSION = YES;
				GCC_WARN_ABOUT_RETURN_TYPE = YES_ERROR;
				GCC_WARN_UNDECLARED_SELECTOR = YES;
				GCC_WARN_UNINITIALIZED_AUTOS = YES_AGGRESSIVE;
				GCC_WARN_UNUSED_FUNCTION = YES;
				GCC_WARN_UNUSED_VARIABLE = YES;
				IPHONEOS_DEPLOYMENT_TARGET = 18.2;
				LOCALIZATION_PREFERS_STRING_CATALOGS = YES;
				MTL_ENABLE_DEBUG_INFO = NO;
				MTL_FAST_MATH = YES;
				SDKROOT = iphoneos;
				SWIFT_COMPILATION_MODE = wholemodule;
				VALIDATE_PRODUCT = YES;
			};
			name = Release;
		};
		FD9C74812D964A690057B77C /* Debug */ = {
			isa = XCBuildConfiguration;
			buildSettings = {
				ASSETCATALOG_COMPILER_APPICON_NAME = AppIcon;
				ASSETCATALOG_COMPILER_GLOBAL_ACCENT_COLOR_NAME = AccentColor;
				CODE_SIGN_IDENTITY = "Apple Development";
				CODE_SIGN_STYLE = Automatic;
				CURRENT_PROJECT_VERSION = 1;
				DEVELOPMENT_ASSET_PATHS = "\"IceMelting/Preview Content\"";
				DEVELOPMENT_TEAM = XP4D54WRM9;
				ENABLE_PREVIEWS = YES;
				GENERATE_INFOPLIST_FILE = YES;
				INFOPLIST_FILE = IceMelting/Info.plist;
				INFOPLIST_KEY_LSApplicationCategoryType = "public.app-category.lifestyle";
				INFOPLIST_KEY_UIApplicationSceneManifest_Generation = YES;
				INFOPLIST_KEY_UIApplicationSupportsIndirectInputEvents = YES;
				INFOPLIST_KEY_UILaunchScreen_Generation = YES;
				INFOPLIST_KEY_UIStatusBarStyle = "";
				INFOPLIST_KEY_UISupportedInterfaceOrientations = UIInterfaceOrientationPortrait;
				LD_RUNPATH_SEARCH_PATHS = (
					"$(inherited)",
					"@executable_path/Frameworks",
				);
				MARKETING_VERSION = 1.1;
				PRODUCT_BUNDLE_IDENTIFIER = Wendeee.IceMelting;
				PRODUCT_NAME = "$(TARGET_NAME)";
				PROVISIONING_PROFILE_SPECIFIER = "";
				SWIFT_EMIT_LOC_STRINGS = YES;
				SWIFT_VERSION = 5.0;
				TARGETED_DEVICE_FAMILY = "1,2";
			};
			name = Debug;
		};
		FD9C74822D964A690057B77C /* Release */ = {
			isa = XCBuildConfiguration;
			buildSettings = {
				ASSETCATALOG_COMPILER_APPICON_NAME = AppIcon;
				ASSETCATALOG_COMPILER_GLOBAL_ACCENT_COLOR_NAME = AccentColor;
				CODE_SIGN_IDENTITY = "Apple Development";
				CODE_SIGN_STYLE = Automatic;
				CURRENT_PROJECT_VERSION = 1;
				DEVELOPMENT_ASSET_PATHS = "\"IceMelting/Preview Content\"";
				DEVELOPMENT_TEAM = XP4D54WRM9;
				ENABLE_PREVIEWS = YES;
				GENERATE_INFOPLIST_FILE = YES;
				INFOPLIST_FILE = IceMelting/Info.plist;
				INFOPLIST_KEY_LSApplicationCategoryType = "public.app-category.lifestyle";
				INFOPLIST_KEY_UIApplicationSceneManifest_Generation = YES;
				INFOPLIST_KEY_UIApplicationSupportsIndirectInputEvents = YES;
				INFOPLIST_KEY_UILaunchScreen_Generation = YES;
				INFOPLIST_KEY_UIStatusBarStyle = "";
				INFOPLIST_KEY_UISupportedInterfaceOrientations = UIInterfaceOrientationPortrait;
				LD_RUNPATH_SEARCH_PATHS = (
					"$(inherited)",
					"@executable_path/Frameworks",
				);
				MARKETING_VERSION = 1.1;
				PRODUCT_BUNDLE_IDENTIFIER = Wendeee.IceMelting;
				PRODUCT_NAME = "$(TARGET_NAME)";
				PROVISIONING_PROFILE_SPECIFIER = "";
				SWIFT_EMIT_LOC_STRINGS = YES;
				SWIFT_VERSION = 5.0;
				TARGETED_DEVICE_FAMILY = "1,2";
			};
			name = Release;
		};
		FD9C74842D964A690057B77C /* Debug */ = {
			isa = XCBuildConfiguration;
			buildSettings = {
				BUNDLE_LOADER = "$(TEST_HOST)";
				CODE_SIGN_STYLE = Automatic;
				CURRENT_PROJECT_VERSION = 1;
				DEVELOPMENT_TEAM = XP4D54WRM9;
				GENERATE_INFOPLIST_FILE = YES;
				IPHONEOS_DEPLOYMENT_TARGET = 18.2;
				MARKETING_VERSION = 1.0;
				PRODUCT_BUNDLE_IDENTIFIER = Wendeee.IceMeltingTests;
				PRODUCT_NAME = "$(TARGET_NAME)";
				SWIFT_EMIT_LOC_STRINGS = NO;
				SWIFT_VERSION = 5.0;
				TARGETED_DEVICE_FAMILY = "1,2";
				TEST_HOST = "$(BUILT_PRODUCTS_DIR)/IceMelting.app/$(BUNDLE_EXECUTABLE_FOLDER_PATH)/IceMelting";
			};
			name = Debug;
		};
		FD9C74852D964A690057B77C /* Release */ = {
			isa = XCBuildConfiguration;
			buildSettings = {
				BUNDLE_LOADER = "$(TEST_HOST)";
				CODE_SIGN_STYLE = Automatic;
				CURRENT_PROJECT_VERSION = 1;
				DEVELOPMENT_TEAM = XP4D54WRM9;
				GENERATE_INFOPLIST_FILE = YES;
				IPHONEOS_DEPLOYMENT_TARGET = 18.2;
				MARKETING_VERSION = 1.0;
				PRODUCT_BUNDLE_IDENTIFIER = Wendeee.IceMeltingTests;
				PRODUCT_NAME = "$(TARGET_NAME)";
				SWIFT_EMIT_LOC_STRINGS = NO;
				SWIFT_VERSION = 5.0;
				TARGETED_DEVICE_FAMILY = "1,2";
				TEST_HOST = "$(BUILT_PRODUCTS_DIR)/IceMelting.app/$(BUNDLE_EXECUTABLE_FOLDER_PATH)/IceMelting";
			};
			name = Release;
		};
		FD9C74872D964A690057B77C /* Debug */ = {
			isa = XCBuildConfiguration;
			buildSettings = {
				CODE_SIGN_STYLE = Automatic;
				CURRENT_PROJECT_VERSION = 1;
				DEVELOPMENT_TEAM = XP4D54WRM9;
				GENERATE_INFOPLIST_FILE = YES;
				MARKETING_VERSION = 1.0;
				PRODUCT_BUNDLE_IDENTIFIER = Wendeee.IceMeltingUITests;
				PRODUCT_NAME = "$(TARGET_NAME)";
				SWIFT_EMIT_LOC_STRINGS = NO;
				SWIFT_VERSION = 5.0;
				TARGETED_DEVICE_FAMILY = "1,2";
				TEST_TARGET_NAME = IceMelting;
			};
			name = Debug;
		};
		FD9C74882D964A690057B77C /* Release */ = {
			isa = XCBuildConfiguration;
			buildSettings = {
				CODE_SIGN_STYLE = Automatic;
				CURRENT_PROJECT_VERSION = 1;
				DEVELOPMENT_TEAM = XP4D54WRM9;
				GENERATE_INFOPLIST_FILE = YES;
				MARKETING_VERSION = 1.0;
				PRODUCT_BUNDLE_IDENTIFIER = Wendeee.IceMeltingUITests;
				PRODUCT_NAME = "$(TARGET_NAME)";
				SWIFT_EMIT_LOC_STRINGS = NO;
				SWIFT_VERSION = 5.0;
				TARGETED_DEVICE_FAMILY = "1,2";
				TEST_TARGET_NAME = IceMelting;
			};
			name = Release;
		};
/* End XCBuildConfiguration section */

/* Begin XCConfigurationList section */
		FD9C74572D964A670057B77C /* Build configuration list for PBXProject "IceMelting" */ = {
			isa = XCConfigurationList;
			buildConfigurations = (
				FD9C747E2D964A690057B77C /* Debug */,
				FD9C747F2D964A690057B77C /* Release */,
			);
			defaultConfigurationIsVisible = 0;
			defaultConfigurationName = Release;
		};
		FD9C74802D964A690057B77C /* Build configuration list for PBXNativeTarget "IceMelting" */ = {
			isa = XCConfigurationList;
			buildConfigurations = (
				FD9C74812D964A690057B77C /* Debug */,
				FD9C74822D964A690057B77C /* Release */,
			);
			defaultConfigurationIsVisible = 0;
			defaultConfigurationName = Release;
		};
		FD9C74832D964A690057B77C /* Build configuration list for PBXNativeTarget "IceMeltingTests" */ = {
			isa = XCConfigurationList;
			buildConfigurations = (
				FD9C74842D964A690057B77C /* Debug */,
				FD9C74852D964A690057B77C /* Release */,
			);
			defaultConfigurationIsVisible = 0;
			defaultConfigurationName = Release;
		};
		FD9C74862D964A690057B77C /* Build configuration list for PBXNativeTarget "IceMeltingUITests" */ = {
			isa = XCConfigurationList;
			buildConfigurations = (
				FD9C74872D964A690057B77C /* Debug */,
				FD9C74882D964A690057B77C /* Release */,
			);
			defaultConfigurationIsVisible = 0;
			defaultConfigurationName = Release;
		};
/* End XCConfigurationList section */

/* Begin XCRemoteSwiftPackageReference section */
		9727D9412DCDCDA300F6F15D /* XCRemoteSwiftPackageReference "firebase-ios-sdk" */ = {
			isa = XCRemoteSwiftPackageReference;
			repositoryURL = "https://github.com/firebase/firebase-ios-sdk.git";
			requirement = {
				kind = upToNextMajorVersion;
				minimumVersion = 11.12.0;
			};
		};
		FDDD7ABA2DAD4E660040A415 /* XCRemoteSwiftPackageReference "GoogleSignIn-iOS" */ = {
			isa = XCRemoteSwiftPackageReference;
			repositoryURL = "https://github.com/google/GoogleSignIn-iOS";
			requirement = {
				kind = upToNextMajorVersion;
				minimumVersion = 8.0.0;
			};
		};
/* End XCRemoteSwiftPackageReference section */

/* Begin XCSwiftPackageProductDependency section */
		9727D9422DCDCDA300F6F15D /* FirebaseAuth */ = {
			isa = XCSwiftPackageProductDependency;
			package = 9727D9412DCDCDA300F6F15D /* XCRemoteSwiftPackageReference "firebase-ios-sdk" */;
			productName = FirebaseAuth;
		};
		9727D9442DCDCDA300F6F15D /* FirebaseCore */ = {
			isa = XCSwiftPackageProductDependency;
			package = 9727D9412DCDCDA300F6F15D /* XCRemoteSwiftPackageReference "firebase-ios-sdk" */;
			productName = FirebaseCore;
		};
		9727D9462DCDCDA300F6F15D /* FirebaseFirestore */ = {
			isa = XCSwiftPackageProductDependency;
			package = 9727D9412DCDCDA300F6F15D /* XCRemoteSwiftPackageReference "firebase-ios-sdk" */;
			productName = FirebaseFirestore;
		};
		9727D9482DCDCDA300F6F15D /* FirebaseStorage */ = {
			isa = XCSwiftPackageProductDependency;
			package = 9727D9412DCDCDA300F6F15D /* XCRemoteSwiftPackageReference "firebase-ios-sdk" */;
			productName = FirebaseStorage;
		};
		9727D94A2DCDCDA300F6F15D /* FirebaseStorageCombine-Community */ = {
			isa = XCSwiftPackageProductDependency;
			package = 9727D9412DCDCDA300F6F15D /* XCRemoteSwiftPackageReference "firebase-ios-sdk" */;
			productName = "FirebaseStorageCombine-Community";
		};
		FDDD7ABD2DAD4E660040A415 /* GoogleSignInSwift */ = {
			isa = XCSwiftPackageProductDependency;
			package = FDDD7ABA2DAD4E660040A415 /* XCRemoteSwiftPackageReference "GoogleSignIn-iOS" */;
			productName = GoogleSignInSwift;
		};
		FDDD7AC72DAD55790040A415 /* GoogleSignIn */ = {
			isa = XCSwiftPackageProductDependency;
			package = FDDD7ABA2DAD4E660040A415 /* XCRemoteSwiftPackageReference "GoogleSignIn-iOS" */;
			productName = GoogleSignIn;
		};
/* End XCSwiftPackageProductDependency section */
	};
	rootObject = FD9C74542D964A670057B77C /* Project object */;
}
