// !$*UTF8*$!
{
	archiveVersion = 1;
	classes = {
	};
	objectVersion = 77;
	objects = {

/* Begin PBXBuildFile section */
		FD0EBE982DACD9E000DECFFA /* FirebaseAuth in Frameworks */ = {isa = PBXBuildFile; productRef = FD0EBE972DACD9E000DECFFA /* FirebaseAuth */; };
		FD0EBE9A2DACD9E000DECFFA /* FirebaseFirestore in Frameworks */ = {isa = PBXBuildFile; productRef = FD0EBE992DACD9E000DECFFA /* FirebaseFirestore */; };
		FD0EBE9C2DACD9E000DECFFA /* FirebaseStorage in Frameworks */ = {isa = PBXBuildFile; productRef = FD0EBE9B2DACD9E000DECFFA /* FirebaseStorage */; };
		FD2977692DAE8DB600FCCF50 /* GoogleService-Info.plist in Resources */ = {isa = PBXBuildFile; fileRef = FD2977682DAE8DB600FCCF50 /* GoogleService-Info.plist */; };
		FDA652F92DA8F8B6004384D3 /* .gitignore in Resources */ = {isa = PBXBuildFile; fileRef = FDA652F82DA8F8B6004384D3 /* .gitignore */; };
		FDDD7ABE2DAD4E660040A415 /* GoogleSignInSwift in Frameworks */ = {isa = PBXBuildFile; productRef = FDDD7ABD2DAD4E660040A415 /* GoogleSignInSwift */; };
		FDDD7AC82DAD55790040A415 /* GoogleSignIn in Frameworks */ = {isa = PBXBuildFile; productRef = FDDD7AC72DAD55790040A415 /* GoogleSignIn */; };
/* End PBXBuildFile section */

/* Begin PBXContainerItemProxy section */
		FD9C746D2D964A690057B77C /* PBXContainerItemProxy */ = {
			isa = PBXContainerItemProxy;
			containerPortal = FD9C74542D964A670057B77C /* Project object */;
			proxyType = 1;
			remoteGlobalIDString = FD9C745B2D964A670057B77C;
			remoteInfo = IceMelting;
		};
		FD9C74772D964A690057B77C /* PBXContainerItemProxy */ = {
			isa = PBXContainerItemProxy;
			containerPortal = FD9C74542D964A670057B77C /* Project object */;
			proxyType = 1;
			remoteGlobalIDString = FD9C745B2D964A670057B77C;
			remoteInfo = IceMelting;
		};
/* End PBXContainerItemProxy section */

/* Begin PBXFileReference section */
		FD2977682DAE8DB600FCCF50 /* GoogleService-Info.plist */ = {isa = PBXFileReference; lastKnownFileType = text.plist.xml; path = "GoogleService-Info.plist"; sourceTree = "<group>"; };
		FD9C745C2D964A670057B77C /* IceMelting.app */ = {isa = PBXFileReference; explicitFileType = wrapper.application; includeInIndex = 0; path = IceMelting.app; sourceTree = BUILT_PRODUCTS_DIR; };
		FD9C746C2D964A690057B77C /* IceMeltingTests.xctest */ = {isa = PBXFileReference; explicitFileType = wrapper.cfbundle; includeInIndex = 0; path = IceMeltingTests.xctest; sourceTree = BUILT_PRODUCTS_DIR; };
		FD9C74762D964A690057B77C /* IceMeltingUITests.xctest */ = {isa = PBXFileReference; explicitFileType = wrapper.cfbundle; includeInIndex = 0; path = IceMeltingUITests.xctest; sourceTree = BUILT_PRODUCTS_DIR; };
		FDA652F82DA8F8B6004384D3 /* .gitignore */ = {isa = PBXFileReference; lastKnownFileType = text; path = .gitignore; sourceTree = "<group>"; };
/* End PBXFileReference section */

/* Begin PBXFileSystemSynchronizedBuildFileExceptionSet section */
		FDB9987C2DA54AB20026B8AA /* Exceptions for "IceMelting" folder in "IceMelting" target */ = {
			isa = PBXFileSystemSynchronizedBuildFileExceptionSet;
			membershipExceptions = (
				Info.plist,
			);
			target = FD9C745B2D964A670057B77C /* IceMelting */;
		};
/* End PBXFileSystemSynchronizedBuildFileExceptionSet section */

/* Begin PBXFileSystemSynchronizedRootGroup section */
		FD9C745E2D964A670057B77C /* IceMelting */ = {
			isa = PBXFileSystemSynchronizedRootGroup;
			exceptions = (
				FDB9987C2DA54AB20026B8AA /* Exceptions for "IceMelting" folder in "IceMelting" target */,
			);
			path = IceMelting;
			sourceTree = "<group>";
		};
		FD9C746F2D964A690057B77C /* IceMeltingTests */ = {
			isa = PBXFileSystemSynchronizedRootGroup;
			path = IceMeltingTests;
			sourceTree = "<group>";
		};
		FD9C74792D964A690057B77C /* IceMeltingUITests */ = {
			isa = PBXFileSystemSynchronizedRootGroup;
			path = IceMeltingUITests;
			sourceTree = "<group>";
		};
/* End PBXFileSystemSynchronizedRootGroup section */

/* Begin PBXFrameworksBuildPhase section */
		FD9C74592D964A670057B77C /* Frameworks */ = {
			isa = PBXFrameworksBuildPhase;
			buildActionMask = 2147483647;
			files = (
				FDDD7AC82DAD55790040A415 /* GoogleSignIn in Frameworks */,
				FDDD7ABE2DAD4E660040A415 /* GoogleSignInSwift in Frameworks */,
				FD0EBE982DACD9E000DECFFA /* FirebaseAuth in Frameworks */,
				FD0EBE9A2DACD9E000DECFFA /* FirebaseFirestore in Frameworks */,
				FD0EBE9C2DACD9E000DECFFA /* FirebaseStorage in Frameworks */,
			);
			runOnlyForDeploymentPostprocessing = 0;
		};
		FD9C74692D964A690057B77C /* Frameworks */ = {
			isa = PBXFrameworksBuildPhase;
			buildActionMask = 2147483647;
			files = (
			);
			runOnlyForDeploymentPostprocessing = 0;
		};
		FD9C74732D964A690057B77C /* Frameworks */ = {
			isa = PBXFrameworksBuildPhase;
			buildActionMask = 2147483647;
			files = (
			);
			runOnlyForDeploymentPostprocessing = 0;
		};
/* End PBXFrameworksBuildPhase section */

/* Begin PBXGroup section */
		FD9C74532D964A670057B77C = {
			isa = PBXGroup;
			children = (
				FDA652F82DA8F8B6004384D3 /* .gitignore */,
				FD9C745E2D964A670057B77C /* IceMelting */,
				FD9C746F2D964A690057B77C /* IceMeltingTests */,
				FD9C74792D964A690057B77C /* IceMeltingUITests */,
				FD9C745D2D964A670057B77C /* Products */,
				FDDD7AC62DAD55790040A415 /* Frameworks */,
				FD2977682DAE8DB600FCCF50 /* GoogleService-Info.plist */,
			);
			sourceTree = "<group>";
		};
		FD9C745D2D964A670057B77C /* Products */ = {
			isa = PBXGroup;
			children = (
				FD9C745C2D964A670057B77C /* IceMelting.app */,
				FD9C746C2D964A690057B77C /* IceMeltingTests.xctest */,
				FD9C74762D964A690057B77C /* IceMeltingUITests.xctest */,
			);
			name = Products;
			sourceTree = "<group>";
		};
		FDDD7AC62DAD55790040A415 /* Frameworks */ = {
			isa = PBXGroup;
			children = (
			);
			name = Frameworks;
			sourceTree = "<group>";
		};
/* End PBXGroup section */

/* Begin PBXNativeTarget section */
		FD9C745B2D964A670057B77C /* IceMelting */ = {
			isa = PBXNativeTarget;
			buildConfigurationList = FD9C74802D964A690057B77C /* Build configuration list for PBXNativeTarget "IceMelting" */;
			buildPhases = (
				FD9C74582D964A670057B77C /* Sources */,
				FD9C74592D964A670057B77C /* Frameworks */,
				FD9C745A2D964A670057B77C /* Resources */,
			);
			buildRules = (
			);
			dependencies = (
			);
			fileSystemSynchronizedGroups = (
				FD9C745E2D964A670057B77C /* IceMelting */,
			);
			name = IceMelting;
			packageProductDependencies = (
				FD0EBE972DACD9E000DECFFA /* FirebaseAuth */,
				FD0EBE992DACD9E000DECFFA /* FirebaseFirestore */,
				FD0EBE9B2DACD9E000DECFFA /* FirebaseStorage */,
				FDDD7ABD2DAD4E660040A415 /* GoogleSignInSwift */,
				FDDD7AC72DAD55790040A415 /* GoogleSignIn */,
			);
			productName = IceMelting;
			productReference = FD9C745C2D964A670057B77C /* IceMelting.app */;
			productType = "com.apple.product-type.application";
		};
		FD9C746B2D964A690057B77C /* IceMeltingTests */ = {
			isa = PBXNativeTarget;
			buildConfigurationList = FD9C74832D964A690057B77C /* Build configuration list for PBXNativeTarget "IceMeltingTests" */;
			buildPhases = (
				FD9C74682D964A690057B77C /* Sources */,
				FD9C74692D964A690057B77C /* Frameworks */,
				FD9C746A2D964A690057B77C /* Resources */,
			);
			buildRules = (
			);
			dependencies = (
				FD9C746E2D964A690057B77C /* PBXTargetDependency */,
			);
			fileSystemSynchronizedGroups = (
				FD9C746F2D964A690057B77C /* IceMeltingTests */,
			);
			name = IceMeltingTests;
			packageProductDependencies = (
			);
			productName = IceMeltingTests;
			productReference = FD9C746C2D964A690057B77C /* IceMeltingTests.xctest */;
			productType = "com.apple.product-type.bundle.unit-test";
		};
		FD9C74752D964A690057B77C /* IceMeltingUITests */ = {
			isa = PBXNativeTarget;
			buildConfigurationList = FD9C74862D964A690057B77C /* Build configuration list for PBXNativeTarget "IceMeltingUITests" */;
			buildPhases = (
				FD9C74722D964A690057B77C /* Sources */,
				FD9C74732D964A690057B77C /* Frameworks */,
				FD9C74742D964A690057B77C /* Resources */,
			);
			buildRules = (
			);
			dependencies = (
				FD9C74782D964A690057B77C /* PBXTargetDependency */,
			);
			fileSystemSynchronizedGroups = (
				FD9C74792D964A690057B77C /* IceMeltingUITests */,
			);
			name = IceMeltingUITests;
			packageProductDependencies = (
			);
			productName = IceMeltingUITests;
			productReference = FD9C74762D964A690057B77C /* IceMeltingUITests.xctest */;
			productType = "com.apple.product-type.bundle.ui-testing";
		};
/* End PBXNativeTarget section */

/* Begin PBXProject section */
		FD9C74542D964A670057B77C /* Project object */ = {
			isa = PBXProject;
			attributes = {
				BuildIndependentTargetsInParallel = 1;
				LastSwiftUpdateCheck = 1620;
				LastUpgradeCheck = 1620;
				TargetAttributes = {
					FD9C745B2D964A670057B77C = {
						CreatedOnToolsVersion = 16.2;
					};
					FD9C746B2D964A690057B77C = {
						CreatedOnToolsVersion = 16.2;
						TestTargetID = FD9C745B2D964A670057B77C;
					};
					FD9C74752D964A690057B77C = {
						CreatedOnToolsVersion = 16.2;
						TestTargetID = FD9C745B2D964A670057B77C;
					};
				};
			};
			buildConfigurationList = FD9C74572D964A670057B77C /* Build configuration list for PBXProject "IceMelting" */;
			developmentRegion = en;
			hasScannedForEncodings = 0;
			knownRegions = (
				en,
				Base,
			);
			mainGroup = FD9C74532D964A670057B77C;
			minimizedProjectReferenceProxies = 1;
			packageReferences = (
				FD0EBE962DACD9E000DECFFA /* XCRemoteSwiftPackageReference "firebase-ios-sdk" */,
				FDDD7ABA2DAD4E660040A415 /* XCRemoteSwiftPackageReference "GoogleSignIn-iOS" */,
			);
			preferredProjectObjectVersion = 77;
			productRefGroup = FD9C745D2D964A670057B77C /* Products */;
			projectDirPath = "";
			projectRoot = "";
			targets = (
				FD9C745B2D964A670057B77C /* IceMelting */,
				FD9C746B2D964A690057B77C /* IceMeltingTests */,
				FD9C74752D964A690057B77C /* IceMeltingUITests */,
			);
		};
/* End PBXProject section */

/* Begin PBXResourcesBuildPhase section */
		FD9C745A2D964A670057B77C /* Resources */ = {
			isa = PBXResourcesBuildPhase;
			buildActionMask = 2147483647;
			files = (
				FDA652F92DA8F8B6004384D3 /* .gitignore in Resources */,
				FD2977692DAE8DB600FCCF50 /* GoogleService-Info.plist in Resources */,
			);
			runOnlyForDeploymentPostprocessing = 0;
		};
		FD9C746A2D964A690057B77C /* Resources */ = {
			isa = PBXResourcesBuildPhase;
			buildActionMask = 2147483647;
			files = (
			);
			runOnlyForDeploymentPostprocessing = 0;
		};
		FD9C74742D964A690057B77C /* Resources */ = {
			isa = PBXResourcesBuildPhase;
			buildActionMask = 2147483647;
			files = (
			);
			runOnlyForDeploymentPostprocessing = 0;
		};
/* End PBXResourcesBuildPhase section */

/* Begin PBXSourcesBuildPhase section */
		FD9C74582D964A670057B77C /* Sources */ = {
			isa = PBXSourcesBuildPhase;
			buildActionMask = 2147483647;
			files = (
			);
			runOnlyForDeploymentPostprocessing = 0;
		};
		FD9C74682D964A690057B77C /* Sources */ = {
			isa = PBXSourcesBuildPhase;
			buildActionMask = 2147483647;
			files = (
			);
			runOnlyForDeploymentPostprocessing = 0;
		};
		FD9C74722D964A690057B77C /* Sources */ = {
			isa = PBXSourcesBuildPhase;
			buildActionMask = 2147483647;
			files = (
			);
			runOnlyForDeploymentPostprocessing = 0;
		};
/* End PBXSourcesBuildPhase section */

/* Begin PBXTargetDependency section */
		FD9C746E2D964A690057B77C /* PBXTargetDependency */ = {
			isa = PBXTargetDependency;
			target = FD9C745B2D964A670057B77C /* IceMelting */;
			targetProxy = FD9C746D2D964A690057B77C /* PBXContainerItemProxy */;
		};
		FD9C74782D964A690057B77C /* PBXTargetDependency */ = {
			isa = PBXTargetDependency;
			target = FD9C745B2D964A670057B77C /* IceMelting */;
			targetProxy = FD9C74772D964A690057B77C /* PBXContainerItemProxy */;
		};
/* End PBXTargetDependency section */

/* Begin XCBuildConfiguration section */
		FD9C747E2D964A690057B77C /* Debug */ = {
			isa = XCBuildConfiguration;
			buildSettings = {
				ALWAYS_SEARCH_USER_PATHS = NO;
				ASSETCATALOG_COMPILER_GENERATE_SWIFT_ASSET_SYMBOL_EXTENSIONS = YES;
				CLANG_ANALYZER_NONNULL = YES;
				CLANG_ANALYZER_NUMBER_OBJECT_CONVERSION = YES_AGGRESSIVE;
				CLANG_CXX_LANGUAGE_STANDARD = "gnu++20";
				CLANG_ENABLE_MODULES = YES;
				CLANG_ENABLE_OBJC_ARC = YES;
				CLANG_ENABLE_OBJC_WEAK = YES;
				CLANG_WARN_BLOCK_CAPTURE_AUTORELEASING = YES;
				CLANG_WARN_BOOL_CONVERSION = YES;
				CLANG_WARN_COMMA = YES;
				CLANG_WARN_CONSTANT_CONVERSION = YES;
				CLANG_WARN_DEPRECATED_OBJC_IMPLEMENTATIONS = YES;
				CLANG_WARN_DIRECT_OBJC_ISA_USAGE = YES_ERROR;
				CLANG_WARN_DOCUMENTATION_COMMENTS = YES;
				CLANG_WARN_EMPTY_BODY = YES;
				CLANG_WARN_ENUM_CONVERSION = YES;
				CLANG_WARN_INFINITE_RECURSION = YES;
				CLANG_WARN_INT_CONVERSION = YES;
				CLANG_WARN_NON_LITERAL_NULL_CONVERSION = YES;
				CLANG_WARN_OBJC_IMPLICIT_RETAIN_SELF = YES;
				CLANG_WARN_OBJC_LITERAL_CONVERSION = YES;
				CLANG_WARN_OBJC_ROOT_CLASS = YES_ERROR;
				CLANG_WARN_QUOTED_INCLUDE_IN_FRAMEWORK_HEADER = YES;
				CLANG_WARN_RANGE_LOOP_ANALYSIS = YES;
				CLANG_WARN_STRICT_PROTOTYPES = YES;
				CLANG_WARN_SUSPICIOUS_MOVE = YES;
				CLANG_WARN_UNGUARDED_AVAILABILITY = YES_AGGRESSIVE;
				CLANG_WARN_UNREACHABLE_CODE = YES;
				CLANG_WARN__DUPLICATE_METHOD_MATCH = YES;
				COPY_PHASE_STRIP = NO;
				DEBUG_INFORMATION_FORMAT = dwarf;
				ENABLE_STRICT_OBJC_MSGSEND = YES;
				ENABLE_TESTABILITY = YES;
				ENABLE_USER_SCRIPT_SANDBOXING = YES;
				GCC_C_LANGUAGE_STANDARD = gnu17;
				GCC_DYNAMIC_NO_PIC = NO;
				GCC_NO_COMMON_BLOCKS = YES;
				GCC_OPTIMIZATION_LEVEL = 0;
				GCC_PREPROCESSOR_DEFINITIONS = (
					"DEBUG=1",
					"$(inherited)",
				);
				GCC_WARN_64_TO_32_BIT_CONVERSION = YES;
				GCC_WARN_ABOUT_RETURN_TYPE = YES_ERROR;
				GCC_WARN_UNDECLARED_SELECTOR = YES;
				GCC_WARN_UNINITIALIZED_AUTOS = YES_AGGRESSIVE;
				GCC_WARN_UNUSED_FUNCTION = YES;
				GCC_WARN_UNUSED_VARIABLE = YES;
				IPHONEOS_DEPLOYMENT_TARGET = 18.2;
				LOCALIZATION_PREFERS_STRING_CATALOGS = YES;
				MTL_ENABLE_DEBUG_INFO = INCLUDE_SOURCE;
				MTL_FAST_MATH = YES;
				ONLY_ACTIVE_ARCH = YES;
				SDKROOT = iphoneos;
				SWIFT_ACTIVE_COMPILATION_CONDITIONS = "DEBUG $(inherited)";
				SWIFT_OPTIMIZATION_LEVEL = "-Onone";
			};
			name = Debug;
		};
		FD9C747F2D964A690057B77C /* Release */ = {
			isa = XCBuildConfiguration;
			buildSettings = {
				ALWAYS_SEARCH_USER_PATHS = NO;
				ASSETCATALOG_COMPILER_GENERATE_SWIFT_ASSET_SYMBOL_EXTENSIONS = YES;
				CLANG_ANALYZER_NONNULL = YES;
				CLANG_ANALYZER_NUMBER_OBJECT_CONVERSION = YES_AGGRESSIVE;
				CLANG_CXX_LANGUAGE_STANDARD = "gnu++20";
				CLANG_ENABLE_MODULES = YES;
				CLANG_ENABLE_OBJC_ARC = YES;
				CLANG_ENABLE_OBJC_WEAK = YES;
				CLANG_WARN_BLOCK_CAPTURE_AUTORELEASING = YES;
				CLANG_WARN_BOOL_CONVERSION = YES;
				CLANG_WARN_COMMA = YES;
				CLANG_WARN_CONSTANT_CONVERSION = YES;
				CLANG_WARN_DEPRECATED_OBJC_IMPLEMENTATIONS = YES;
				CLANG_WARN_DIRECT_OBJC_ISA_USAGE = YES_ERROR;
				CLANG_WARN_DOCUMENTATION_COMMENTS = YES;
				CLANG_WARN_EMPTY_BODY = YES;
				CLANG_WARN_ENUM_CONVERSION = YES;
				CLANG_WARN_INFINITE_RECURSION = YES;
				CLANG_WARN_INT_CONVERSION = YES;
				CLANG_WARN_NON_LITERAL_NULL_CONVERSION = YES;
				CLANG_WARN_OBJC_IMPLICIT_RETAIN_SELF = YES;
				CLANG_WARN_OBJC_LITERAL_CONVERSION = YES;
				CLANG_WARN_OBJC_ROOT_CLASS = YES_ERROR;
				CLANG_WARN_QUOTED_INCLUDE_IN_FRAMEWORK_HEADER = YES;
				CLANG_WARN_RANGE_LOOP_ANALYSIS = YES;
				CLANG_WARN_STRICT_PROTOTYPES = YES;
				CLANG_WARN_SUSPICIOUS_MOVE = YES;
				CLANG_WARN_UNGUARDED_AVAILABILITY = YES_AGGRESSIVE;
				CLANG_WARN_UNREACHABLE_CODE = YES;
				CLANG_WARN__DUPLICATE_METHOD_MATCH = YES;
				COPY_PHASE_STRIP = NO;
				DEBUG_INFORMATION_FORMAT = "dwarf-with-dsym";
				ENABLE_NS_ASSERTIONS = NO;
				ENABLE_STRICT_OBJC_MSGSEND = YES;
				ENABLE_USER_SCRIPT_SANDBOXING = YES;
				GCC_C_LANGUAGE_STANDARD = gnu17;
				GCC_NO_COMMON_BLOCKS = YES;
				GCC_WARN_64_TO_32_BIT_CONVERSION = YES;
				GCC_WARN_ABOUT_RETURN_TYPE = YES_ERROR;
				GCC_WARN_UNDECLARED_SELECTOR = YES;
				GCC_WARN_UNINITIALIZED_AUTOS = YES_AGGRESSIVE;
				GCC_WARN_UNUSED_FUNCTION = YES;
				GCC_WARN_UNUSED_VARIABLE = YES;
				IPHONEOS_DEPLOYMENT_TARGET = 18.2;
				LOCALIZATION_PREFERS_STRING_CATALOGS = YES;
				MTL_ENABLE_DEBUG_INFO = NO;
				MTL_FAST_MATH = YES;
				SDKROOT = iphoneos;
				SWIFT_COMPILATION_MODE = wholemodule;
				VALIDATE_PRODUCT = YES;
			};
			name = Release;
		};
		FD9C74812D964A690057B77C /* Debug */ = {
			isa = XCBuildConfiguration;
			buildSettings = {
				ASSETCATALOG_COMPILER_APPICON_NAME = AppIcon;
				ASSETCATALOG_COMPILER_GLOBAL_ACCENT_COLOR_NAME = AccentColor;
				CODE_SIGN_STYLE = Automatic;
				CURRENT_PROJECT_VERSION = 1;
				DEVELOPMENT_ASSET_PATHS = "\"IceMelting/Preview Content\"";
				DEVELOPMENT_TEAM = XP4D54WRM9;
				ENABLE_PREVIEWS = YES;
				GENERATE_INFOPLIST_FILE = YES;
				INFOPLIST_FILE = IceMelting/Info.plist;
				INFOPLIST_KEY_LSApplicationCategoryType = "public.app-category.lifestyle";
				INFOPLIST_KEY_UIApplicationSceneManifest_Generation = YES;
				INFOPLIST_KEY_UIApplicationSupportsIndirectInputEvents = YES;
				INFOPLIST_KEY_UILaunchScreen_Generation = YES;
				INFOPLIST_KEY_UIStatusBarStyle = "";
				INFOPLIST_KEY_UISupportedInterfaceOrientations = UIInterfaceOrientationPortrait;
				LD_RUNPATH_SEARCH_PATHS = (
					"$(inherited)",
					"@executable_path/Frameworks",
				);
				MARKETING_VERSION = 1.1;
				PRODUCT_BUNDLE_IDENTIFIER = Wendeee.IceMelting;
				PRODUCT_NAME = "$(TARGET_NAME)";
				SWIFT_EMIT_LOC_STRINGS = YES;
				SWIFT_VERSION = 5.0;
				TARGETED_DEVICE_FAMILY = "1,2";
			};
			name = Debug;
		};
		FD9C74822D964A690057B77C /* Release */ = {
			isa = XCBuildConfiguration;
			buildSettings = {
				ASSETCATALOG_COMPILER_APPICON_NAME = AppIcon;
				ASSETCATALOG_COMPILER_GLOBAL_ACCENT_COLOR_NAME = AccentColor;
				CODE_SIGN_STYLE = Automatic;
				CURRENT_PROJECT_VERSION = 1;
				DEVELOPMENT_ASSET_PATHS = "\"IceMelting/Preview Content\"";
				DEVELOPMENT_TEAM = XP4D54WRM9;
				ENABLE_PREVIEWS = YES;
				GENERATE_INFOPLIST_FILE = YES;
				INFOPLIST_FILE = IceMelting/Info.plist;
				INFOPLIST_KEY_LSApplicationCategoryType = "public.app-category.lifestyle";
				INFOPLIST_KEY_UIApplicationSceneManifest_Generation = YES;
				INFOPLIST_KEY_UIApplicationSupportsIndirectInputEvents = YES;
				INFOPLIST_KEY_UILaunchScreen_Generation = YES;
				INFOPLIST_KEY_UIStatusBarStyle = "";
				INFOPLIST_KEY_UISupportedInterfaceOrientations = UIInterfaceOrientationPortrait;
				LD_RUNPATH_SEARCH_PATHS = (
					"$(inherited)",
					"@executable_path/Frameworks",
				);
				MARKETING_VERSION = 1.1;
				PRODUCT_BUNDLE_IDENTIFIER = Wendeee.IceMelting;
				PRODUCT_NAME = "$(TARGET_NAME)";
				SWIFT_EMIT_LOC_STRINGS = YES;
				SWIFT_VERSION = 5.0;
				TARGETED_DEVICE_FAMILY = "1,2";
			};
			name = Release;
		};
		FD9C74842D964A690057B77C /* Debug */ = {
			isa = XCBuildConfiguration;
			buildSettings = {
				BUNDLE_LOADER = "$(TEST_HOST)";
				CODE_SIGN_STYLE = Automatic;
				CURRENT_PROJECT_VERSION = 1;
				DEVELOPMENT_TEAM = XP4D54WRM9;
				GENERATE_INFOPLIST_FILE = YES;
				IPHONEOS_DEPLOYMENT_TARGET = 18.2;
				MARKETING_VERSION = 1.0;
				PRODUCT_BUNDLE_IDENTIFIER = Wendeee.IceMeltingTests;
				PRODUCT_NAME = "$(TARGET_NAME)";
				SWIFT_EMIT_LOC_STRINGS = NO;
				SWIFT_VERSION = 5.0;
				TARGETED_DEVICE_FAMILY = "1,2";
				TEST_HOST = "$(BUILT_PRODUCTS_DIR)/IceMelting.app/$(BUNDLE_EXECUTABLE_FOLDER_PATH)/IceMelting";
			};
			name = Debug;
		};
		FD9C74852D964A690057B77C /* Release */ = {
			isa = XCBuildConfiguration;
			buildSettings = {
				BUNDLE_LOADER = "$(TEST_HOST)";
				CODE_SIGN_STYLE = Automatic;
				CURRENT_PROJECT_VERSION = 1;
				DEVELOPMENT_TEAM = XP4D54WRM9;
				GENERATE_INFOPLIST_FILE = YES;
				IPHONEOS_DEPLOYMENT_TARGET = 18.2;
				MARKETING_VERSION = 1.0;
				PRODUCT_BUNDLE_IDENTIFIER = Wendeee.IceMeltingTests;
				PRODUCT_NAME = "$(TARGET_NAME)";
				SWIFT_EMIT_LOC_STRINGS = NO;
				SWIFT_VERSION = 5.0;
				TARGETED_DEVICE_FAMILY = "1,2";
				TEST_HOST = "$(BUILT_PRODUCTS_DIR)/IceMelting.app/$(BUNDLE_EXECUTABLE_FOLDER_PATH)/IceMelting";
			};
			name = Release;
		};
		FD9C74872D964A690057B77C /* Debug */ = {
			isa = XCBuildConfiguration;
			buildSettings = {
				CODE_SIGN_STYLE = Automatic;
				CURRENT_PROJECT_VERSION = 1;
				DEVELOPMENT_TEAM = XP4D54WRM9;
				GENERATE_INFOPLIST_FILE = YES;
				MARKETING_VERSION = 1.0;
				PRODUCT_BUNDLE_IDENTIFIER = Wendeee.IceMeltingUITests;
				PRODUCT_NAME = "$(TARGET_NAME)";
				SWIFT_EMIT_LOC_STRINGS = NO;
				SWIFT_VERSION = 5.0;
				TARGETED_DEVICE_FAMILY = "1,2";
				TEST_TARGET_NAME = IceMelting;
			};
			name = Debug;
		};
		FD9C74882D964A690057B77C /* Release */ = {
			isa = XCBuildConfiguration;
			buildSettings = {
				CODE_SIGN_STYLE = Automatic;
				CURRENT_PROJECT_VERSION = 1;
				DEVELOPMENT_TEAM = XP4D54WRM9;
				GENERATE_INFOPLIST_FILE = YES;
				MARKETING_VERSION = 1.0;
				PRODUCT_BUNDLE_IDENTIFIER = Wendeee.IceMeltingUITests;
				PRODUCT_NAME = "$(TARGET_NAME)";
				SWIFT_EMIT_LOC_STRINGS = NO;
				SWIFT_VERSION = 5.0;
				TARGETED_DEVICE_FAMILY = "1,2";
				TEST_TARGET_NAME = IceMelting;
			};
			name = Release;
		};
/* End XCBuildConfiguration section */

/* Begin XCConfigurationList section */
		FD9C74572D964A670057B77C /* Build configuration list for PBXProject "IceMelting" */ = {
			isa = XCConfigurationList;
			buildConfigurations = (
				FD9C747E2D964A690057B77C /* Debug */,
				FD9C747F2D964A690057B77C /* Release */,
			);
			defaultConfigurationIsVisible = 0;
			defaultConfigurationName = Release;
		};
		FD9C74802D964A690057B77C /* Build configuration list for PBXNativeTarget "IceMelting" */ = {
			isa = XCConfigurationList;
			buildConfigurations = (
				FD9C74812D964A690057B77C /* Debug */,
				FD9C74822D964A690057B77C /* Release */,
			);
			defaultConfigurationIsVisible = 0;
			defaultConfigurationName = Release;
		};
		FD9C74832D964A690057B77C /* Build configuration list for PBXNativeTarget "IceMeltingTests" */ = {
			isa = XCConfigurationList;
			buildConfigurations = (
				FD9C74842D964A690057B77C /* Debug */,
				FD9C74852D964A690057B77C /* Release */,
			);
			defaultConfigurationIsVisible = 0;
			defaultConfigurationName = Release;
		};
		FD9C74862D964A690057B77C /* Build configuration list for PBXNativeTarget "IceMeltingUITests" */ = {
			isa = XCConfigurationList;
			buildConfigurations = (
				FD9C74872D964A690057B77C /* Debug */,
				FD9C74882D964A690057B77C /* Release */,
			);
			defaultConfigurationIsVisible = 0;
			defaultConfigurationName = Release;
		};
/* End XCConfigurationList section */

/* Begin XCRemoteSwiftPackageReference section */
		FD0EBE962DACD9E000DECFFA /* XCRemoteSwiftPackageReference "firebase-ios-sdk" */ = {
			isa = XCRemoteSwiftPackageReference;
			repositoryURL = "https://github.com/firebase/firebase-ios-sdk.git";
			requirement = {
				kind = upToNextMajorVersion;
				minimumVersion = 11.11.0;
			};
		};
		FDDD7ABA2DAD4E660040A415 /* XCRemoteSwiftPackageReference "GoogleSignIn-iOS" */ = {
			isa = XCRemoteSwiftPackageReference;
			repositoryURL = "https://github.com/google/GoogleSignIn-iOS";
			requirement = {
				kind = upToNextMajorVersion;
				minimumVersion = 8.0.0;
			};
		};
/* End XCRemoteSwiftPackageReference section */

/* Begin XCSwiftPackageProductDependency section */
		FD0EBE972DACD9E000DECFFA /* FirebaseAuth */ = {
			isa = XCSwiftPackageProductDependency;
			package = FD0EBE962DACD9E000DECFFA /* XCRemoteSwiftPackageReference "firebase-ios-sdk" */;
			productName = FirebaseAuth;
		};
		FD0EBE992DACD9E000DECFFA /* FirebaseFirestore */ = {
			isa = XCSwiftPackageProductDependency;
			package = FD0EBE962DACD9E000DECFFA /* XCRemoteSwiftPackageReference "firebase-ios-sdk" */;
			productName = FirebaseFirestore;
		};
		FD0EBE9B2DACD9E000DECFFA /* FirebaseStorage */ = {
			isa = XCSwiftPackageProductDependency;
			package = FD0EBE962DACD9E000DECFFA /* XCRemoteSwiftPackageReference "firebase-ios-sdk" */;
			productName = FirebaseStorage;
		};
		FDDD7ABD2DAD4E660040A415 /* GoogleSignInSwift */ = {
			isa = XCSwiftPackageProductDependency;
			package = FDDD7ABA2DAD4E660040A415 /* XCRemoteSwiftPackageReference "GoogleSignIn-iOS" */;
			productName = GoogleSignInSwift;
		};
		FDDD7AC72DAD55790040A415 /* GoogleSignIn */ = {
			isa = XCSwiftPackageProductDependency;
			package = FDDD7ABA2DAD4E660040A415 /* XCRemoteSwiftPackageReference "GoogleSignIn-iOS" */;
			productName = GoogleSignIn;
		};
/* End XCSwiftPackageProductDependency section */
	};
	rootObject = FD9C74542D964A670057B77C /* Project object */;
}
